// !$*UTF8*$!
{
	archiveVersion = 1;
	classes = {
	};
	objectVersion = 46;
	objects = {

/* Begin PBXBuildFile section */
		1B18635018EC4AF9007B1E68 /* Foundation.framework in Frameworks */ = {isa = PBXBuildFile; fileRef = 1B18634F18EC4AF9007B1E68 /* Foundation.framework */; };
		1B18635218EC4AF9007B1E68 /* CoreGraphics.framework in Frameworks */ = {isa = PBXBuildFile; fileRef = 1B18635118EC4AF9007B1E68 /* CoreGraphics.framework */; };
		1B18635418EC4AF9007B1E68 /* UIKit.framework in Frameworks */ = {isa = PBXBuildFile; fileRef = 1B18635318EC4AF9007B1E68 /* UIKit.framework */; };
		1B18635A18EC4AF9007B1E68 /* InfoPlist.strings in Resources */ = {isa = PBXBuildFile; fileRef = 1B18635818EC4AF9007B1E68 /* InfoPlist.strings */; };
		1B18635C18EC4AF9007B1E68 /* main.m in Sources */ = {isa = PBXBuildFile; fileRef = 1B18635B18EC4AF9007B1E68 /* main.m */; };
		1B18636018EC4AF9007B1E68 /* TDLAppDelegate.m in Sources */ = {isa = PBXBuildFile; fileRef = 1B18635F18EC4AF9007B1E68 /* TDLAppDelegate.m */; };
		1B18636218EC4AF9007B1E68 /* Images.xcassets in Resources */ = {isa = PBXBuildFile; fileRef = 1B18636118EC4AF9007B1E68 /* Images.xcassets */; };
		1B18636918EC4AF9007B1E68 /* XCTest.framework in Frameworks */ = {isa = PBXBuildFile; fileRef = 1B18636818EC4AF9007B1E68 /* XCTest.framework */; };
		1B18636A18EC4AF9007B1E68 /* Foundation.framework in Frameworks */ = {isa = PBXBuildFile; fileRef = 1B18634F18EC4AF9007B1E68 /* Foundation.framework */; };
		1B18636B18EC4AF9007B1E68 /* UIKit.framework in Frameworks */ = {isa = PBXBuildFile; fileRef = 1B18635318EC4AF9007B1E68 /* UIKit.framework */; };
		1B18637318EC4AF9007B1E68 /* InfoPlist.strings in Resources */ = {isa = PBXBuildFile; fileRef = 1B18637118EC4AF9007B1E68 /* InfoPlist.strings */; };
		1B18637518EC4AF9007B1E68 /* todoTests.m in Sources */ = {isa = PBXBuildFile; fileRef = 1B18637418EC4AF9007B1E68 /* todoTests.m */; };
		1B18638018EC4C77007B1E68 /* TDLTableViewController.m in Sources */ = {isa = PBXBuildFile; fileRef = 1B18637F18EC4C77007B1E68 /* TDLTableViewController.m */; };
		1B36463118EC8AE400C72836 /* AliHoushmand.png in Resources */ = {isa = PBXBuildFile; fileRef = 1B36462218EC8AE400C72836 /* AliHoushmand.png */; };
		1B36463218EC8AE400C72836 /* AshbyThornwell.png in Resources */ = {isa = PBXBuildFile; fileRef = 1B36462318EC8AE400C72836 /* AshbyThornwell.png */; };
		1B36463318EC8AE400C72836 /* AustenJohnson.png in Resources */ = {isa = PBXBuildFile; fileRef = 1B36462418EC8AE400C72836 /* AustenJohnson.png */; };
		1B36463518EC8AE400C72836 /* DerekWeber.png in Resources */ = {isa = PBXBuildFile; fileRef = 1B36462618EC8AE400C72836 /* DerekWeber.png */; };
		1B36463718EC8AE400C72836 /* HeidiProske.png in Resources */ = {isa = PBXBuildFile; fileRef = 1B36462818EC8AE400C72836 /* HeidiProske.png */; };
		1B36463818EC8AE400C72836 /* JeffKing.png in Resources */ = {isa = PBXBuildFile; fileRef = 1B36462918EC8AE400C72836 /* JeffKing.png */; };
		1B36463918EC8AE400C72836 /* JefferyMoulds.png in Resources */ = {isa = PBXBuildFile; fileRef = 1B36462A18EC8AE400C72836 /* JefferyMoulds.png */; };
		1B36463A18EC8AE400C72836 /* JishaObukwelu.png in Resources */ = {isa = PBXBuildFile; fileRef = 1B36462B18EC8AE400C72836 /* JishaObukwelu.png */; };
		1B36463B18EC8AE400C72836 /* JohnYam.png in Resources */ = {isa = PBXBuildFile; fileRef = 1B36462C18EC8AE400C72836 /* JohnYam.png */; };
		1B36463C18EC8AE400C72836 /* JonFox.png in Resources */ = {isa = PBXBuildFile; fileRef = 1B36462D18EC8AE400C72836 /* JonFox.png */; };
		1B36463D18EC8AE400C72836 /* SavithaReddy.png in Resources */ = {isa = PBXBuildFile; fileRef = 1B36462E18EC8AE400C72836 /* SavithaReddy.png */; };
		1B36463E18EC8AE400C72836 /* TeddyConyers.png in Resources */ = {isa = PBXBuildFile; fileRef = 1B36462F18EC8AE400C72836 /* TeddyConyers.png */; };
		1B36463F18EC8AE400C72836 /* TJMercer.png in Resources */ = {isa = PBXBuildFile; fileRef = 1B36463018EC8AE400C72836 /* TJMercer.png */; };
		1B36464218EC917300C72836 /* AustinNolan.png in Resources */ = {isa = PBXBuildFile; fileRef = 1B36464118EC917300C72836 /* AustinNolan.png */; };
		1B36464418EC918000C72836 /* edsalter.png in Resources */ = {isa = PBXBuildFile; fileRef = 1B36464318EC918000C72836 /* edsalter.png */; };
/* End PBXBuildFile section */

/* Begin PBXContainerItemProxy section */
		1B18636C18EC4AF9007B1E68 /* PBXContainerItemProxy */ = {
			isa = PBXContainerItemProxy;
			containerPortal = 1B18634418EC4AF9007B1E68 /* Project object */;
			proxyType = 1;
			remoteGlobalIDString = 1B18634B18EC4AF9007B1E68;
			remoteInfo = todo;
		};
/* End PBXContainerItemProxy section */

/* Begin PBXFileReference section */
		1B18634C18EC4AF9007B1E68 /* todo.app */ = {isa = PBXFileReference; explicitFileType = wrapper.application; includeInIndex = 0; path = todo.app; sourceTree = BUILT_PRODUCTS_DIR; };
		1B18634F18EC4AF9007B1E68 /* Foundation.framework */ = {isa = PBXFileReference; lastKnownFileType = wrapper.framework; name = Foundation.framework; path = System/Library/Frameworks/Foundation.framework; sourceTree = SDKROOT; };
		1B18635118EC4AF9007B1E68 /* CoreGraphics.framework */ = {isa = PBXFileReference; lastKnownFileType = wrapper.framework; name = CoreGraphics.framework; path = System/Library/Frameworks/CoreGraphics.framework; sourceTree = SDKROOT; };
		1B18635318EC4AF9007B1E68 /* UIKit.framework */ = {isa = PBXFileReference; lastKnownFileType = wrapper.framework; name = UIKit.framework; path = System/Library/Frameworks/UIKit.framework; sourceTree = SDKROOT; };
		1B18635718EC4AF9007B1E68 /* todo-Info.plist */ = {isa = PBXFileReference; lastKnownFileType = text.plist.xml; path = "todo-Info.plist"; sourceTree = "<group>"; };
		1B18635918EC4AF9007B1E68 /* en */ = {isa = PBXFileReference; lastKnownFileType = text.plist.strings; name = en; path = en.lproj/InfoPlist.strings; sourceTree = "<group>"; };
		1B18635B18EC4AF9007B1E68 /* main.m */ = {isa = PBXFileReference; lastKnownFileType = sourcecode.c.objc; path = main.m; sourceTree = "<group>"; };
		1B18635D18EC4AF9007B1E68 /* todo-Prefix.pch */ = {isa = PBXFileReference; lastKnownFileType = sourcecode.c.h; path = "todo-Prefix.pch"; sourceTree = "<group>"; };
		1B18635E18EC4AF9007B1E68 /* TDLAppDelegate.h */ = {isa = PBXFileReference; lastKnownFileType = sourcecode.c.h; path = TDLAppDelegate.h; sourceTree = "<group>"; };
		1B18635F18EC4AF9007B1E68 /* TDLAppDelegate.m */ = {isa = PBXFileReference; lastKnownFileType = sourcecode.c.objc; path = TDLAppDelegate.m; sourceTree = "<group>"; };
		1B18636118EC4AF9007B1E68 /* Images.xcassets */ = {isa = PBXFileReference; lastKnownFileType = folder.assetcatalog; path = Images.xcassets; sourceTree = "<group>"; };
		1B18636718EC4AF9007B1E68 /* todoTests.xctest */ = {isa = PBXFileReference; explicitFileType = wrapper.cfbundle; includeInIndex = 0; path = todoTests.xctest; sourceTree = BUILT_PRODUCTS_DIR; };
		1B18636818EC4AF9007B1E68 /* XCTest.framework */ = {isa = PBXFileReference; lastKnownFileType = wrapper.framework; name = XCTest.framework; path = Library/Frameworks/XCTest.framework; sourceTree = DEVELOPER_DIR; };
		1B18637018EC4AF9007B1E68 /* todoTests-Info.plist */ = {isa = PBXFileReference; lastKnownFileType = text.plist.xml; path = "todoTests-Info.plist"; sourceTree = "<group>"; };
		1B18637218EC4AF9007B1E68 /* en */ = {isa = PBXFileReference; lastKnownFileType = text.plist.strings; name = en; path = en.lproj/InfoPlist.strings; sourceTree = "<group>"; };
		1B18637418EC4AF9007B1E68 /* todoTests.m */ = {isa = PBXFileReference; lastKnownFileType = sourcecode.c.objc; path = todoTests.m; sourceTree = "<group>"; };
		1B18637E18EC4C77007B1E68 /* TDLTableViewController.h */ = {isa = PBXFileReference; fileEncoding = 4; lastKnownFileType = sourcecode.c.h; path = TDLTableViewController.h; sourceTree = "<group>"; };
		1B18637F18EC4C77007B1E68 /* TDLTableViewController.m */ = {isa = PBXFileReference; fileEncoding = 4; lastKnownFileType = sourcecode.c.objc; path = TDLTableViewController.m; sourceTree = "<group>"; };
		1B36462218EC8AE400C72836 /* AliHoushmand.png */ = {isa = PBXFileReference; lastKnownFileType = image.png; name = AliHoushmand.png; path = "../../../../../Desktop/Class Images/AliHoushmand.png"; sourceTree = "<group>"; };
		1B36462318EC8AE400C72836 /* AshbyThornwell.png */ = {isa = PBXFileReference; lastKnownFileType = image.png; name = AshbyThornwell.png; path = "../../../../../Desktop/Class Images/AshbyThornwell.png"; sourceTree = "<group>"; };
		1B36462418EC8AE400C72836 /* AustenJohnson.png */ = {isa = PBXFileReference; lastKnownFileType = image.png; name = AustenJohnson.png; path = "../../../../../Desktop/Class Images/AustenJohnson.png"; sourceTree = "<group>"; };
		1B36462618EC8AE400C72836 /* DerekWeber.png */ = {isa = PBXFileReference; lastKnownFileType = image.png; name = DerekWeber.png; path = "../../../../../Desktop/Class Images/DerekWeber.png"; sourceTree = "<group>"; };
		1B36462818EC8AE400C72836 /* HeidiProske.png */ = {isa = PBXFileReference; lastKnownFileType = image.png; name = HeidiProske.png; path = "../../../../../Desktop/Class Images/HeidiProske.png"; sourceTree = "<group>"; };
		1B36462918EC8AE400C72836 /* JeffKing.png */ = {isa = PBXFileReference; lastKnownFileType = image.png; name = JeffKing.png; path = "../../../../../Desktop/Class Images/JeffKing.png"; sourceTree = "<group>"; };
		1B36462A18EC8AE400C72836 /* JefferyMoulds.png */ = {isa = PBXFileReference; lastKnownFileType = image.png; name = JefferyMoulds.png; path = "../../../../../Desktop/Class Images/JefferyMoulds.png"; sourceTree = "<group>"; };
		1B36462B18EC8AE400C72836 /* JishaObukwelu.png */ = {isa = PBXFileReference; lastKnownFileType = image.png; name = JishaObukwelu.png; path = "../../../../../Desktop/Class Images/JishaObukwelu.png"; sourceTree = "<group>"; };
		1B36462C18EC8AE400C72836 /* JohnYam.png */ = {isa = PBXFileReference; lastKnownFileType = image.png; name = JohnYam.png; path = "../../../../../Desktop/Class Images/JohnYam.png"; sourceTree = "<group>"; };
		1B36462D18EC8AE400C72836 /* JonFox.png */ = {isa = PBXFileReference; lastKnownFileType = image.png; name = JonFox.png; path = "../../../../../Desktop/Class Images/JonFox.png"; sourceTree = "<group>"; };
		1B36462E18EC8AE400C72836 /* SavithaReddy.png */ = {isa = PBXFileReference; lastKnownFileType = image.png; name = SavithaReddy.png; path = "../../../../../Desktop/Class Images/SavithaReddy.png"; sourceTree = "<group>"; };
		1B36462F18EC8AE400C72836 /* TeddyConyers.png */ = {isa = PBXFileReference; lastKnownFileType = image.png; name = TeddyConyers.png; path = "../../../../../Desktop/Class Images/TeddyConyers.png"; sourceTree = "<group>"; };
		1B36463018EC8AE400C72836 /* TJMercer.png */ = {isa = PBXFileReference; lastKnownFileType = image.png; name = TJMercer.png; path = "../../../../../Desktop/Class Images/TJMercer.png"; sourceTree = "<group>"; };
		1B36464118EC917300C72836 /* AustinNolan.png */ = {isa = PBXFileReference; lastKnownFileType = image.png; name = AustinNolan.png; path = "../../../../../Desktop/Class Images/AustinNolan.png"; sourceTree = "<group>"; };
		1B36464318EC918000C72836 /* edsalter.png */ = {isa = PBXFileReference; lastKnownFileType = image.png; name = edsalter.png; path = "../../../../../Desktop/Class Images/edsalter.png"; sourceTree = "<group>"; };
/* End PBXFileReference section */

/* Begin PBXFrameworksBuildPhase section */
		1B18634918EC4AF9007B1E68 /* Frameworks */ = {
			isa = PBXFrameworksBuildPhase;
			buildActionMask = 2147483647;
			files = (
				1B18635218EC4AF9007B1E68 /* CoreGraphics.framework in Frameworks */,
				1B18635418EC4AF9007B1E68 /* UIKit.framework in Frameworks */,
				1B18635018EC4AF9007B1E68 /* Foundation.framework in Frameworks */,
			);
			runOnlyForDeploymentPostprocessing = 0;
		};
		1B18636418EC4AF9007B1E68 /* Frameworks */ = {
			isa = PBXFrameworksBuildPhase;
			buildActionMask = 2147483647;
			files = (
				1B18636918EC4AF9007B1E68 /* XCTest.framework in Frameworks */,
				1B18636B18EC4AF9007B1E68 /* UIKit.framework in Frameworks */,
				1B18636A18EC4AF9007B1E68 /* Foundation.framework in Frameworks */,
			);
			runOnlyForDeploymentPostprocessing = 0;
		};
/* End PBXFrameworksBuildPhase section */

/* Begin PBXGroup section */
		1B18634318EC4AF9007B1E68 = {
			isa = PBXGroup;
			children = (
				1B18635518EC4AF9007B1E68 /* todo */,
				1B18636E18EC4AF9007B1E68 /* todoTests */,
				1B18634E18EC4AF9007B1E68 /* Frameworks */,
				1B18634D18EC4AF9007B1E68 /* Products */,
			);
			sourceTree = "<group>";
		};
		1B18634D18EC4AF9007B1E68 /* Products */ = {
			isa = PBXGroup;
			children = (
				1B18634C18EC4AF9007B1E68 /* todo.app */,
				1B18636718EC4AF9007B1E68 /* todoTests.xctest */,
			);
			name = Products;
			sourceTree = "<group>";
		};
		1B18634E18EC4AF9007B1E68 /* Frameworks */ = {
			isa = PBXGroup;
			children = (
				1B18634F18EC4AF9007B1E68 /* Foundation.framework */,
				1B18635118EC4AF9007B1E68 /* CoreGraphics.framework */,
				1B18635318EC4AF9007B1E68 /* UIKit.framework */,
				1B18636818EC4AF9007B1E68 /* XCTest.framework */,
			);
			name = Frameworks;
			sourceTree = "<group>";
		};
		1B18635518EC4AF9007B1E68 /* todo */ = {
			isa = PBXGroup;
			children = (
				1B36464018EC8AF300C72836 /* Images */,
				1B18635E18EC4AF9007B1E68 /* TDLAppDelegate.h */,
				1B18635F18EC4AF9007B1E68 /* TDLAppDelegate.m */,
				1B18637E18EC4C77007B1E68 /* TDLTableViewController.h */,
				1B18637F18EC4C77007B1E68 /* TDLTableViewController.m */,
				1B18636118EC4AF9007B1E68 /* Images.xcassets */,
				1B18635618EC4AF9007B1E68 /* Supporting Files */,
			);
			path = todo;
			sourceTree = "<group>";
		};
		1B18635618EC4AF9007B1E68 /* Supporting Files */ = {
			isa = PBXGroup;
			children = (
				1B18635718EC4AF9007B1E68 /* todo-Info.plist */,
				1B18635818EC4AF9007B1E68 /* InfoPlist.strings */,
				1B18635B18EC4AF9007B1E68 /* main.m */,
				1B18635D18EC4AF9007B1E68 /* todo-Prefix.pch */,
			);
			name = "Supporting Files";
			sourceTree = "<group>";
		};
		1B18636E18EC4AF9007B1E68 /* todoTests */ = {
			isa = PBXGroup;
			children = (
				1B18637418EC4AF9007B1E68 /* todoTests.m */,
				1B18636F18EC4AF9007B1E68 /* Supporting Files */,
			);
			path = todoTests;
			sourceTree = "<group>";
		};
		1B18636F18EC4AF9007B1E68 /* Supporting Files */ = {
			isa = PBXGroup;
			children = (
				1B18637018EC4AF9007B1E68 /* todoTests-Info.plist */,
				1B18637118EC4AF9007B1E68 /* InfoPlist.strings */,
			);
			name = "Supporting Files";
			sourceTree = "<group>";
		};
		1B36464018EC8AF300C72836 /* Images */ = {
			isa = PBXGroup;
			children = (
				1B36464118EC917300C72836 /* AustinNolan.png */,
				1B36462218EC8AE400C72836 /* AliHoushmand.png */,
				1B36462318EC8AE400C72836 /* AshbyThornwell.png */,
				1B36462418EC8AE400C72836 /* AustenJohnson.png */,
				1B36462618EC8AE400C72836 /* DerekWeber.png */,
				1B36464318EC918000C72836 /* edsalter.png */,
				1B36462818EC8AE400C72836 /* HeidiProske.png */,
				1B36462918EC8AE400C72836 /* JeffKing.png */,
				1B36462A18EC8AE400C72836 /* JefferyMoulds.png */,
				1B36462B18EC8AE400C72836 /* JishaObukwelu.png */,
				1B36462C18EC8AE400C72836 /* JohnYam.png */,
				1B36462D18EC8AE400C72836 /* JonFox.png */,
				1B36462E18EC8AE400C72836 /* SavithaReddy.png */,
				1B36462F18EC8AE400C72836 /* TeddyConyers.png */,
				1B36463018EC8AE400C72836 /* TJMercer.png */,
			);
			name = Images;
			sourceTree = "<group>";
		};
/* End PBXGroup section */

/* Begin PBXNativeTarget section */
		1B18634B18EC4AF9007B1E68 /* todo */ = {
			isa = PBXNativeTarget;
			buildConfigurationList = 1B18637818EC4AF9007B1E68 /* Build configuration list for PBXNativeTarget "todo" */;
			buildPhases = (
				1B18634818EC4AF9007B1E68 /* Sources */,
				1B18634918EC4AF9007B1E68 /* Frameworks */,
				1B18634A18EC4AF9007B1E68 /* Resources */,
			);
			buildRules = (
			);
			dependencies = (
			);
			name = todo;
			productName = todo;
			productReference = 1B18634C18EC4AF9007B1E68 /* todo.app */;
			productType = "com.apple.product-type.application";
		};
		1B18636618EC4AF9007B1E68 /* todoTests */ = {
			isa = PBXNativeTarget;
			buildConfigurationList = 1B18637B18EC4AF9007B1E68 /* Build configuration list for PBXNativeTarget "todoTests" */;
			buildPhases = (
				1B18636318EC4AF9007B1E68 /* Sources */,
				1B18636418EC4AF9007B1E68 /* Frameworks */,
				1B18636518EC4AF9007B1E68 /* Resources */,
			);
			buildRules = (
			);
			dependencies = (
				1B18636D18EC4AF9007B1E68 /* PBXTargetDependency */,
			);
			name = todoTests;
			productName = todoTests;
			productReference = 1B18636718EC4AF9007B1E68 /* todoTests.xctest */;
			productType = "com.apple.product-type.bundle.unit-test";
		};
/* End PBXNativeTarget section */

/* Begin PBXProject section */
		1B18634418EC4AF9007B1E68 /* Project object */ = {
			isa = PBXProject;
			attributes = {
				CLASSPREFIX = TDL;
				LastUpgradeCheck = 0510;
				ORGANIZATIONNAME = "Jeffery Moulds";
				TargetAttributes = {
					1B18636618EC4AF9007B1E68 = {
						TestTargetID = 1B18634B18EC4AF9007B1E68;
					};
				};
			};
			buildConfigurationList = 1B18634718EC4AF9007B1E68 /* Build configuration list for PBXProject "todo" */;
			compatibilityVersion = "Xcode 3.2";
			developmentRegion = English;
			hasScannedForEncodings = 0;
			knownRegions = (
				en,
			);
			mainGroup = 1B18634318EC4AF9007B1E68;
			productRefGroup = 1B18634D18EC4AF9007B1E68 /* Products */;
			projectDirPath = "";
			projectRoot = "";
			targets = (
				1B18634B18EC4AF9007B1E68 /* todo */,
				1B18636618EC4AF9007B1E68 /* todoTests */,
			);
		};
/* End PBXProject section */

/* Begin PBXResourcesBuildPhase section */
		1B18634A18EC4AF9007B1E68 /* Resources */ = {
			isa = PBXResourcesBuildPhase;
			buildActionMask = 2147483647;
			files = (
				1B36464418EC918000C72836 /* edsalter.png in Resources */,
				1B36463218EC8AE400C72836 /* AshbyThornwell.png in Resources */,
				1B36463E18EC8AE400C72836 /* TeddyConyers.png in Resources */,
				1B36463918EC8AE400C72836 /* JefferyMoulds.png in Resources */,
				1B36463F18EC8AE400C72836 /* TJMercer.png in Resources */,
				1B36463118EC8AE400C72836 /* AliHoushmand.png in Resources */,
				1B36463818EC8AE400C72836 /* JeffKing.png in Resources */,
				1B36463518EC8AE400C72836 /* DerekWeber.png in Resources */,
				1B36463318EC8AE400C72836 /* AustenJohnson.png in Resources */,
				1B36463C18EC8AE400C72836 /* JonFox.png in Resources */,
				1B36463B18EC8AE400C72836 /* JohnYam.png in Resources */,
				1B36463A18EC8AE400C72836 /* JishaObukwelu.png in Resources */,
				1B18635A18EC4AF9007B1E68 /* InfoPlist.strings in Resources */,
				1B18636218EC4AF9007B1E68 /* Images.xcassets in Resources */,
				1B36463718EC8AE400C72836 /* HeidiProske.png in Resources */,
				1B36464218EC917300C72836 /* AustinNolan.png in Resources */,
				1B36463D18EC8AE400C72836 /* SavithaReddy.png in Resources */,
			);
			runOnlyForDeploymentPostprocessing = 0;
		};
		1B18636518EC4AF9007B1E68 /* Resources */ = {
			isa = PBXResourcesBuildPhase;
			buildActionMask = 2147483647;
			files = (
				1B18637318EC4AF9007B1E68 /* InfoPlist.strings in Resources */,
			);
			runOnlyForDeploymentPostprocessing = 0;
		};
/* End PBXResourcesBuildPhase section */

/* Begin PBXSourcesBuildPhase section */
		1B18634818EC4AF9007B1E68 /* Sources */ = {
			isa = PBXSourcesBuildPhase;
			buildActionMask = 2147483647;
			files = (
				1B18638018EC4C77007B1E68 /* TDLTableViewController.m in Sources */,
				1B18635C18EC4AF9007B1E68 /* main.m in Sources */,
				1B18636018EC4AF9007B1E68 /* TDLAppDelegate.m in Sources */,
			);
			runOnlyForDeploymentPostprocessing = 0;
		};
		1B18636318EC4AF9007B1E68 /* Sources */ = {
			isa = PBXSourcesBuildPhase;
			buildActionMask = 2147483647;
			files = (
				1B18637518EC4AF9007B1E68 /* todoTests.m in Sources */,
			);
			runOnlyForDeploymentPostprocessing = 0;
		};
/* End PBXSourcesBuildPhase section */

/* Begin PBXTargetDependency section */
		1B18636D18EC4AF9007B1E68 /* PBXTargetDependency */ = {
			isa = PBXTargetDependency;
			target = 1B18634B18EC4AF9007B1E68 /* todo */;
			targetProxy = 1B18636C18EC4AF9007B1E68 /* PBXContainerItemProxy */;
		};
/* End PBXTargetDependency section */

/* Begin PBXVariantGroup section */
		1B18635818EC4AF9007B1E68 /* InfoPlist.strings */ = {
			isa = PBXVariantGroup;
			children = (
				1B18635918EC4AF9007B1E68 /* en */,
			);
			name = InfoPlist.strings;
			sourceTree = "<group>";
		};
		1B18637118EC4AF9007B1E68 /* InfoPlist.strings */ = {
			isa = PBXVariantGroup;
			children = (
				1B18637218EC4AF9007B1E68 /* en */,
			);
			name = InfoPlist.strings;
			sourceTree = "<group>";
		};
/* End PBXVariantGroup section */

/* Begin XCBuildConfiguration section */
		1B18637618EC4AF9007B1E68 /* Debug */ = {
			isa = XCBuildConfiguration;
			buildSettings = {
				ALWAYS_SEARCH_USER_PATHS = NO;
				CLANG_CXX_LANGUAGE_STANDARD = "gnu++0x";
				CLANG_CXX_LIBRARY = "libc++";
				CLANG_ENABLE_MODULES = YES;
				CLANG_ENABLE_OBJC_ARC = YES;
				CLANG_WARN_BOOL_CONVERSION = YES;
				CLANG_WARN_CONSTANT_CONVERSION = YES;
				CLANG_WARN_DIRECT_OBJC_ISA_USAGE = YES_ERROR;
				CLANG_WARN_EMPTY_BODY = YES;
				CLANG_WARN_ENUM_CONVERSION = YES;
				CLANG_WARN_INT_CONVERSION = YES;
				CLANG_WARN_OBJC_ROOT_CLASS = YES_ERROR;
				CLANG_WARN__DUPLICATE_METHOD_MATCH = YES;
				"CODE_SIGN_IDENTITY[sdk=iphoneos*]" = "iPhone Developer";
				COPY_PHASE_STRIP = NO;
				GCC_C_LANGUAGE_STANDARD = gnu99;
				GCC_DYNAMIC_NO_PIC = NO;
				GCC_OPTIMIZATION_LEVEL = 0;
				GCC_PREPROCESSOR_DEFINITIONS = (
					"DEBUG=1",
					"$(inherited)",
				);
				GCC_SYMBOLS_PRIVATE_EXTERN = NO;
				GCC_WARN_64_TO_32_BIT_CONVERSION = YES;
				GCC_WARN_ABOUT_RETURN_TYPE = YES_ERROR;
				GCC_WARN_UNDECLARED_SELECTOR = YES;
				GCC_WARN_UNINITIALIZED_AUTOS = YES_AGGRESSIVE;
				GCC_WARN_UNUSED_FUNCTION = YES;
				GCC_WARN_UNUSED_VARIABLE = YES;
				IPHONEOS_DEPLOYMENT_TARGET = 7.1;
				ONLY_ACTIVE_ARCH = YES;
				SDKROOT = iphoneos;
			};
			name = Debug;
		};
		1B18637718EC4AF9007B1E68 /* Release */ = {
			isa = XCBuildConfiguration;
			buildSettings = {
				ALWAYS_SEARCH_USER_PATHS = NO;
				CLANG_CXX_LANGUAGE_STANDARD = "gnu++0x";
				CLANG_CXX_LIBRARY = "libc++";
				CLANG_ENABLE_MODULES = YES;
				CLANG_ENABLE_OBJC_ARC = YES;
				CLANG_WARN_BOOL_CONVERSION = YES;
				CLANG_WARN_CONSTANT_CONVERSION = YES;
				CLANG_WARN_DIRECT_OBJC_ISA_USAGE = YES_ERROR;
				CLANG_WARN_EMPTY_BODY = YES;
				CLANG_WARN_ENUM_CONVERSION = YES;
				CLANG_WARN_INT_CONVERSION = YES;
				CLANG_WARN_OBJC_ROOT_CLASS = YES_ERROR;
				CLANG_WARN__DUPLICATE_METHOD_MATCH = YES;
				"CODE_SIGN_IDENTITY[sdk=iphoneos*]" = "iPhone Developer";
				COPY_PHASE_STRIP = YES;
				ENABLE_NS_ASSERTIONS = NO;
				GCC_C_LANGUAGE_STANDARD = gnu99;
				GCC_WARN_64_TO_32_BIT_CONVERSION = YES;
				GCC_WARN_ABOUT_RETURN_TYPE = YES_ERROR;
				GCC_WARN_UNDECLARED_SELECTOR = YES;
				GCC_WARN_UNINITIALIZED_AUTOS = YES_AGGRESSIVE;
				GCC_WARN_UNUSED_FUNCTION = YES;
				GCC_WARN_UNUSED_VARIABLE = YES;
				IPHONEOS_DEPLOYMENT_TARGET = 7.1;
				SDKROOT = iphoneos;
				VALIDATE_PRODUCT = YES;
			};
			name = Release;
		};
		1B18637918EC4AF9007B1E68 /* Debug */ = {
			isa = XCBuildConfiguration;
			buildSettings = {
				ASSETCATALOG_COMPILER_APPICON_NAME = AppIcon;
				ASSETCATALOG_COMPILER_LAUNCHIMAGE_NAME = LaunchImage;
				GCC_PRECOMPILE_PREFIX_HEADER = YES;
				GCC_PREFIX_HEADER = "todo/todo-Prefix.pch";
				INFOPLIST_FILE = "todo/todo-Info.plist";
				PRODUCT_NAME = "$(TARGET_NAME)";
				WRAPPER_EXTENSION = app;
			};
			name = Debug;
		};
		1B18637A18EC4AF9007B1E68 /* Release */ = {
			isa = XCBuildConfiguration;
			buildSettings = {
				ASSETCATALOG_COMPILER_APPICON_NAME = AppIcon;
				ASSETCATALOG_COMPILER_LAUNCHIMAGE_NAME = LaunchImage;
				GCC_PRECOMPILE_PREFIX_HEADER = YES;
				GCC_PREFIX_HEADER = "todo/todo-Prefix.pch";
				INFOPLIST_FILE = "todo/todo-Info.plist";
				PRODUCT_NAME = "$(TARGET_NAME)";
				WRAPPER_EXTENSION = app;
			};
			name = Release;
		};
		1B18637C18EC4AF9007B1E68 /* Debug */ = {
			isa = XCBuildConfiguration;
			buildSettings = {
				BUNDLE_LOADER = "$(BUILT_PRODUCTS_DIR)/todo.app/todo";
				FRAMEWORK_SEARCH_PATHS = (
					"$(SDKROOT)/Developer/Library/Frameworks",
					"$(inherited)",
					"$(DEVELOPER_FRAMEWORKS_DIR)",
				);
				GCC_PRECOMPILE_PREFIX_HEADER = YES;
				GCC_PREFIX_HEADER = "todo/todo-Prefix.pch";
				GCC_PREPROCESSOR_DEFINITIONS = (
					"DEBUG=1",
					"$(inherited)",
				);
				INFOPLIST_FILE = "todoTests/todoTests-Info.plist";
				PRODUCT_NAME = "$(TARGET_NAME)";
				TEST_HOST = "$(BUNDLE_LOADER)";
				WRAPPER_EXTENSION = xctest;
			};
			name = Debug;
		};
		1B18637D18EC4AF9007B1E68 /* Release */ = {
			isa = XCBuildConfiguration;
			buildSettings = {
				BUNDLE_LOADER = "$(BUILT_PRODUCTS_DIR)/todo.app/todo";
				FRAMEWORK_SEARCH_PATHS = (
					"$(SDKROOT)/Developer/Library/Frameworks",
					"$(inherited)",
					"$(DEVELOPER_FRAMEWORKS_DIR)",
				);
				GCC_PRECOMPILE_PREFIX_HEADER = YES;
				GCC_PREFIX_HEADER = "todo/todo-Prefix.pch";
				INFOPLIST_FILE = "todoTests/todoTests-Info.plist";
				PRODUCT_NAME = "$(TARGET_NAME)";
				TEST_HOST = "$(BUNDLE_LOADER)";
				WRAPPER_EXTENSION = xctest;
			};
			name = Release;
		};
/* End XCBuildConfiguration section */

/* Begin XCConfigurationList section */
		1B18634718EC4AF9007B1E68 /* Build configuration list for PBXProject "todo" */ = {
			isa = XCConfigurationList;
			buildConfigurations = (
				1B18637618EC4AF9007B1E68 /* Debug */,
				1B18637718EC4AF9007B1E68 /* Release */,
			);
			defaultConfigurationIsVisible = 0;
			defaultConfigurationName = Release;
		};
		1B18637818EC4AF9007B1E68 /* Build configuration list for PBXNativeTarget "todo" */ = {
			isa = XCConfigurationList;
			buildConfigurations = (
				1B18637918EC4AF9007B1E68 /* Debug */,
				1B18637A18EC4AF9007B1E68 /* Release */,
			);
			defaultConfigurationIsVisible = 0;
			defaultConfigurationName = Release;
		};
		1B18637B18EC4AF9007B1E68 /* Build configuration list for PBXNativeTarget "todoTests" */ = {
			isa = XCConfigurationList;
			buildConfigurations = (
				1B18637C18EC4AF9007B1E68 /* Debug */,
				1B18637D18EC4AF9007B1E68 /* Release */,
			);
			defaultConfigurationIsVisible = 0;
			defaultConfigurationName = Release;
		};
/* End XCConfigurationList section */
	};
	rootObject = 1B18634418EC4AF9007B1E68 /* Project object */;
}
