// !$*UTF8*$!
{
	archiveVersion = 1;
	classes = {
	};
	objectVersion = 46;
	objects = {

/* Begin PBXBuildFile section */
		1BBA24E719254B4800D8508D /* seahorseRight.png in Resources */ = {isa = PBXBuildFile; fileRef = 1BBA24E619254B4800D8508D /* seahorseRight.png */; };
		1BBA24E919254CFD00D8508D /* fishLeft.png in Resources */ = {isa = PBXBuildFile; fileRef = 1BBA24E819254CFD00D8508D /* fishLeft.png */; };
		1BBA24EB192551CE00D8508D /* fishRight.png in Resources */ = {isa = PBXBuildFile; fileRef = 1BBA24EA192551CE00D8508D /* fishRight.png */; };
		1BBA24ED192551E800D8508D /* seahorseLeft.png in Resources */ = {isa = PBXBuildFile; fileRef = 1BBA24EC192551E800D8508D /* seahorseLeft.png */; };
		1BC081AD1924F66D005CAC6F /* Foundation.framework in Frameworks */ = {isa = PBXBuildFile; fileRef = 1BC081AC1924F66D005CAC6F /* Foundation.framework */; };
		1BC081AF1924F66D005CAC6F /* CoreGraphics.framework in Frameworks */ = {isa = PBXBuildFile; fileRef = 1BC081AE1924F66D005CAC6F /* CoreGraphics.framework */; };
		1BC081B11924F66D005CAC6F /* UIKit.framework in Frameworks */ = {isa = PBXBuildFile; fileRef = 1BC081B01924F66D005CAC6F /* UIKit.framework */; };
		1BC081B71924F66D005CAC6F /* InfoPlist.strings in Resources */ = {isa = PBXBuildFile; fileRef = 1BC081B51924F66D005CAC6F /* InfoPlist.strings */; };
		1BC081B91924F66D005CAC6F /* main.m in Sources */ = {isa = PBXBuildFile; fileRef = 1BC081B81924F66D005CAC6F /* main.m */; };
		1BC081BD1924F66D005CAC6F /* SABAppDelegate.m in Sources */ = {isa = PBXBuildFile; fileRef = 1BC081BC1924F66D005CAC6F /* SABAppDelegate.m */; };
		1BC081BF1924F66D005CAC6F /* Images.xcassets in Resources */ = {isa = PBXBuildFile; fileRef = 1BC081BE1924F66D005CAC6F /* Images.xcassets */; };
		1BC081C61924F66D005CAC6F /* XCTest.framework in Frameworks */ = {isa = PBXBuildFile; fileRef = 1BC081C51924F66D005CAC6F /* XCTest.framework */; };
		1BC081C71924F66D005CAC6F /* Foundation.framework in Frameworks */ = {isa = PBXBuildFile; fileRef = 1BC081AC1924F66D005CAC6F /* Foundation.framework */; };
		1BC081C81924F66D005CAC6F /* UIKit.framework in Frameworks */ = {isa = PBXBuildFile; fileRef = 1BC081B01924F66D005CAC6F /* UIKit.framework */; };
		1BC081D01924F66D005CAC6F /* InfoPlist.strings in Resources */ = {isa = PBXBuildFile; fileRef = 1BC081CE1924F66D005CAC6F /* InfoPlist.strings */; };
		1BC081D21924F66D005CAC6F /* Stuffed_Animal_BattleTests.m in Sources */ = {isa = PBXBuildFile; fileRef = 1BC081D11924F66D005CAC6F /* Stuffed_Animal_BattleTests.m */; };
		1BC081DD1924F6D5005CAC6F /* SABViewController.m in Sources */ = {isa = PBXBuildFile; fileRef = 1BC081DC1924F6D5005CAC6F /* SABViewController.m */; };
		1BC081E01924FBEB005CAC6F /* SABGameScene.m in Sources */ = {isa = PBXBuildFile; fileRef = 1BC081DF1924FBEB005CAC6F /* SABGameScene.m */; };
		1BC081E319253F67005CAC6F /* Explosion.sks in Resources */ = {isa = PBXBuildFile; fileRef = 1BC081E119253F67005CAC6F /* Explosion.sks */; };
		1BC081E419253F67005CAC6F /* spark.png in Resources */ = {isa = PBXBuildFile; fileRef = 1BC081E219253F67005CAC6F /* spark.png */; };
		1BC081E61925401D005CAC6F /* FireBall.sks in Resources */ = {isa = PBXBuildFile; fileRef = 1BC081E51925401D005CAC6F /* FireBall.sks */; };
/* End PBXBuildFile section */

/* Begin PBXContainerItemProxy section */
		1BC081C91924F66D005CAC6F /* PBXContainerItemProxy */ = {
			isa = PBXContainerItemProxy;
			containerPortal = 1BC081A11924F66D005CAC6F /* Project object */;
			proxyType = 1;
			remoteGlobalIDString = 1BC081A81924F66D005CAC6F;
			remoteInfo = "Stuffed Animal Battle";
		};
/* End PBXContainerItemProxy section */

/* Begin PBXFileReference section */
		1BBA24E619254B4800D8508D /* seahorseRight.png */ = {isa = PBXFileReference; lastKnownFileType = image.png; path = seahorseRight.png; sourceTree = "<group>"; };
		1BBA24E819254CFD00D8508D /* fishLeft.png */ = {isa = PBXFileReference; lastKnownFileType = image.png; path = fishLeft.png; sourceTree = "<group>"; };
		1BBA24EA192551CE00D8508D /* fishRight.png */ = {isa = PBXFileReference; lastKnownFileType = image.png; path = fishRight.png; sourceTree = "<group>"; };
		1BBA24EC192551E800D8508D /* seahorseLeft.png */ = {isa = PBXFileReference; lastKnownFileType = image.png; path = seahorseLeft.png; sourceTree = "<group>"; };
		1BC081A91924F66D005CAC6F /* Stuffed Animal Battle.app */ = {isa = PBXFileReference; explicitFileType = wrapper.application; includeInIndex = 0; path = "Stuffed Animal Battle.app"; sourceTree = BUILT_PRODUCTS_DIR; };
		1BC081AC1924F66D005CAC6F /* Foundation.framework */ = {isa = PBXFileReference; lastKnownFileType = wrapper.framework; name = Foundation.framework; path = System/Library/Frameworks/Foundation.framework; sourceTree = SDKROOT; };
		1BC081AE1924F66D005CAC6F /* CoreGraphics.framework */ = {isa = PBXFileReference; lastKnownFileType = wrapper.framework; name = CoreGraphics.framework; path = System/Library/Frameworks/CoreGraphics.framework; sourceTree = SDKROOT; };
		1BC081B01924F66D005CAC6F /* UIKit.framework */ = {isa = PBXFileReference; lastKnownFileType = wrapper.framework; name = UIKit.framework; path = System/Library/Frameworks/UIKit.framework; sourceTree = SDKROOT; };
		1BC081B41924F66D005CAC6F /* Stuffed Animal Battle-Info.plist */ = {isa = PBXFileReference; lastKnownFileType = text.plist.xml; path = "Stuffed Animal Battle-Info.plist"; sourceTree = "<group>"; };
		1BC081B61924F66D005CAC6F /* en */ = {isa = PBXFileReference; lastKnownFileType = text.plist.strings; name = en; path = en.lproj/InfoPlist.strings; sourceTree = "<group>"; };
		1BC081B81924F66D005CAC6F /* main.m */ = {isa = PBXFileReference; lastKnownFileType = sourcecode.c.objc; path = main.m; sourceTree = "<group>"; };
		1BC081BA1924F66D005CAC6F /* Stuffed Animal Battle-Prefix.pch */ = {isa = PBXFileReference; lastKnownFileType = sourcecode.c.h; path = "Stuffed Animal Battle-Prefix.pch"; sourceTree = "<group>"; };
		1BC081BB1924F66D005CAC6F /* SABAppDelegate.h */ = {isa = PBXFileReference; lastKnownFileType = sourcecode.c.h; path = SABAppDelegate.h; sourceTree = "<group>"; };
		1BC081BC1924F66D005CAC6F /* SABAppDelegate.m */ = {isa = PBXFileReference; lastKnownFileType = sourcecode.c.objc; path = SABAppDelegate.m; sourceTree = "<group>"; };
		1BC081BE1924F66D005CAC6F /* Images.xcassets */ = {isa = PBXFileReference; lastKnownFileType = folder.assetcatalog; path = Images.xcassets; sourceTree = "<group>"; };
		1BC081C41924F66D005CAC6F /* Stuffed Animal BattleTests.xctest */ = {isa = PBXFileReference; explicitFileType = wrapper.cfbundle; includeInIndex = 0; path = "Stuffed Animal BattleTests.xctest"; sourceTree = BUILT_PRODUCTS_DIR; };
		1BC081C51924F66D005CAC6F /* XCTest.framework */ = {isa = PBXFileReference; lastKnownFileType = wrapper.framework; name = XCTest.framework; path = Library/Frameworks/XCTest.framework; sourceTree = DEVELOPER_DIR; };
		1BC081CD1924F66D005CAC6F /* Stuffed Animal BattleTests-Info.plist */ = {isa = PBXFileReference; lastKnownFileType = text.plist.xml; path = "Stuffed Animal BattleTests-Info.plist"; sourceTree = "<group>"; };
		1BC081CF1924F66D005CAC6F /* en */ = {isa = PBXFileReference; lastKnownFileType = text.plist.strings; name = en; path = en.lproj/InfoPlist.strings; sourceTree = "<group>"; };
		1BC081D11924F66D005CAC6F /* Stuffed_Animal_BattleTests.m */ = {isa = PBXFileReference; lastKnownFileType = sourcecode.c.objc; path = Stuffed_Animal_BattleTests.m; sourceTree = "<group>"; };
		1BC081DB1924F6D5005CAC6F /* SABViewController.h */ = {isa = PBXFileReference; fileEncoding = 4; lastKnownFileType = sourcecode.c.h; path = SABViewController.h; sourceTree = "<group>"; };
		1BC081DC1924F6D5005CAC6F /* SABViewController.m */ = {isa = PBXFileReference; fileEncoding = 4; lastKnownFileType = sourcecode.c.objc; path = SABViewController.m; sourceTree = "<group>"; };
		1BC081DE1924FBEB005CAC6F /* SABGameScene.h */ = {isa = PBXFileReference; fileEncoding = 4; lastKnownFileType = sourcecode.c.h; path = SABGameScene.h; sourceTree = "<group>"; };
		1BC081DF1924FBEB005CAC6F /* SABGameScene.m */ = {isa = PBXFileReference; fileEncoding = 4; lastKnownFileType = sourcecode.c.objc; path = SABGameScene.m; sourceTree = "<group>"; };
		1BC081E119253F67005CAC6F /* Explosion.sks */ = {isa = PBXFileReference; lastKnownFileType = file.sks; path = Explosion.sks; sourceTree = "<group>"; };
		1BC081E219253F67005CAC6F /* spark.png */ = {isa = PBXFileReference; lastKnownFileType = image.png; path = spark.png; sourceTree = "<group>"; };
		1BC081E51925401D005CAC6F /* FireBall.sks */ = {isa = PBXFileReference; lastKnownFileType = file.sks; path = FireBall.sks; sourceTree = "<group>"; };
/* End PBXFileReference section */

/* Begin PBXFrameworksBuildPhase section */
		1BC081A61924F66D005CAC6F /* Frameworks */ = {
			isa = PBXFrameworksBuildPhase;
			buildActionMask = 2147483647;
			files = (
				1BC081AF1924F66D005CAC6F /* CoreGraphics.framework in Frameworks */,
				1BC081B11924F66D005CAC6F /* UIKit.framework in Frameworks */,
				1BC081AD1924F66D005CAC6F /* Foundation.framework in Frameworks */,
			);
			runOnlyForDeploymentPostprocessing = 0;
		};
		1BC081C11924F66D005CAC6F /* Frameworks */ = {
			isa = PBXFrameworksBuildPhase;
			buildActionMask = 2147483647;
			files = (
				1BC081C61924F66D005CAC6F /* XCTest.framework in Frameworks */,
				1BC081C81924F66D005CAC6F /* UIKit.framework in Frameworks */,
				1BC081C71924F66D005CAC6F /* Foundation.framework in Frameworks */,
			);
			runOnlyForDeploymentPostprocessing = 0;
		};
/* End PBXFrameworksBuildPhase section */

/* Begin PBXGroup section */
		1BBA24E519254AEF00D8508D /* Media */ = {
			isa = PBXGroup;
			children = (
				1BBA24E819254CFD00D8508D /* fishLeft.png */,
				1BBA24EA192551CE00D8508D /* fishRight.png */,
				1BBA24EC192551E800D8508D /* seahorseLeft.png */,
				1BBA24E619254B4800D8508D /* seahorseRight.png */,
			);
			name = Media;
			sourceTree = "<group>";
		};
		1BC081A01924F66D005CAC6F = {
			isa = PBXGroup;
			children = (
				1BBA24E519254AEF00D8508D /* Media */,
				1BC081E51925401D005CAC6F /* FireBall.sks */,
				1BC081E119253F67005CAC6F /* Explosion.sks */,
				1BC081E219253F67005CAC6F /* spark.png */,
				1BC081DE1924FBEB005CAC6F /* SABGameScene.h */,
				1BC081DF1924FBEB005CAC6F /* SABGameScene.m */,
				1BC081DB1924F6D5005CAC6F /* SABViewController.h */,
				1BC081DC1924F6D5005CAC6F /* SABViewController.m */,
				1BC081B21924F66D005CAC6F /* Stuffed Animal Battle */,
				1BC081CB1924F66D005CAC6F /* Stuffed Animal BattleTests */,
				1BC081AB1924F66D005CAC6F /* Frameworks */,
				1BC081AA1924F66D005CAC6F /* Products */,
			);
			sourceTree = "<group>";
		};
		1BC081AA1924F66D005CAC6F /* Products */ = {
			isa = PBXGroup;
			children = (
				1BC081A91924F66D005CAC6F /* Stuffed Animal Battle.app */,
				1BC081C41924F66D005CAC6F /* Stuffed Animal BattleTests.xctest */,
			);
			name = Products;
			sourceTree = "<group>";
		};
		1BC081AB1924F66D005CAC6F /* Frameworks */ = {
			isa = PBXGroup;
			children = (
				1BC081AC1924F66D005CAC6F /* Foundation.framework */,
				1BC081AE1924F66D005CAC6F /* CoreGraphics.framework */,
				1BC081B01924F66D005CAC6F /* UIKit.framework */,
				1BC081C51924F66D005CAC6F /* XCTest.framework */,
			);
			name = Frameworks;
			sourceTree = "<group>";
		};
		1BC081B21924F66D005CAC6F /* Stuffed Animal Battle */ = {
			isa = PBXGroup;
			children = (
				1BC081BB1924F66D005CAC6F /* SABAppDelegate.h */,
				1BC081BC1924F66D005CAC6F /* SABAppDelegate.m */,
				1BC081BE1924F66D005CAC6F /* Images.xcassets */,
				1BC081B31924F66D005CAC6F /* Supporting Files */,
			);
			path = "Stuffed Animal Battle";
			sourceTree = "<group>";
		};
		1BC081B31924F66D005CAC6F /* Supporting Files */ = {
			isa = PBXGroup;
			children = (
				1BC081B41924F66D005CAC6F /* Stuffed Animal Battle-Info.plist */,
				1BC081B51924F66D005CAC6F /* InfoPlist.strings */,
				1BC081B81924F66D005CAC6F /* main.m */,
				1BC081BA1924F66D005CAC6F /* Stuffed Animal Battle-Prefix.pch */,
			);
			name = "Supporting Files";
			sourceTree = "<group>";
		};
		1BC081CB1924F66D005CAC6F /* Stuffed Animal BattleTests */ = {
			isa = PBXGroup;
			children = (
				1BC081D11924F66D005CAC6F /* Stuffed_Animal_BattleTests.m */,
				1BC081CC1924F66D005CAC6F /* Supporting Files */,
			);
			path = "Stuffed Animal BattleTests";
			sourceTree = "<group>";
		};
		1BC081CC1924F66D005CAC6F /* Supporting Files */ = {
			isa = PBXGroup;
			children = (
				1BC081CD1924F66D005CAC6F /* Stuffed Animal BattleTests-Info.plist */,
				1BC081CE1924F66D005CAC6F /* InfoPlist.strings */,
			);
			name = "Supporting Files";
			sourceTree = "<group>";
		};
/* End PBXGroup section */

/* Begin PBXNativeTarget section */
		1BC081A81924F66D005CAC6F /* Stuffed Animal Battle */ = {
			isa = PBXNativeTarget;
			buildConfigurationList = 1BC081D51924F66D005CAC6F /* Build configuration list for PBXNativeTarget "Stuffed Animal Battle" */;
			buildPhases = (
				1BC081A51924F66D005CAC6F /* Sources */,
				1BC081A61924F66D005CAC6F /* Frameworks */,
				1BC081A71924F66D005CAC6F /* Resources */,
			);
			buildRules = (
			);
			dependencies = (
			);
			name = "Stuffed Animal Battle";
			productName = "Stuffed Animal Battle";
			productReference = 1BC081A91924F66D005CAC6F /* Stuffed Animal Battle.app */;
			productType = "com.apple.product-type.application";
		};
		1BC081C31924F66D005CAC6F /* Stuffed Animal BattleTests */ = {
			isa = PBXNativeTarget;
			buildConfigurationList = 1BC081D81924F66D005CAC6F /* Build configuration list for PBXNativeTarget "Stuffed Animal BattleTests" */;
			buildPhases = (
				1BC081C01924F66D005CAC6F /* Sources */,
				1BC081C11924F66D005CAC6F /* Frameworks */,
				1BC081C21924F66D005CAC6F /* Resources */,
			);
			buildRules = (
			);
			dependencies = (
				1BC081CA1924F66D005CAC6F /* PBXTargetDependency */,
			);
			name = "Stuffed Animal BattleTests";
			productName = "Stuffed Animal BattleTests";
			productReference = 1BC081C41924F66D005CAC6F /* Stuffed Animal BattleTests.xctest */;
			productType = "com.apple.product-type.bundle.unit-test";
		};
/* End PBXNativeTarget section */

/* Begin PBXProject section */
		1BC081A11924F66D005CAC6F /* Project object */ = {
			isa = PBXProject;
			attributes = {
				CLASSPREFIX = SAB;
				LastUpgradeCheck = 0510;
				ORGANIZATIONNAME = "Jeffery Moulds";
				TargetAttributes = {
					1BC081C31924F66D005CAC6F = {
						TestTargetID = 1BC081A81924F66D005CAC6F;
					};
				};
			};
			buildConfigurationList = 1BC081A41924F66D005CAC6F /* Build configuration list for PBXProject "Stuffed Animal Battle" */;
			compatibilityVersion = "Xcode 3.2";
			developmentRegion = English;
			hasScannedForEncodings = 0;
			knownRegions = (
				en,
			);
			mainGroup = 1BC081A01924F66D005CAC6F;
			productRefGroup = 1BC081AA1924F66D005CAC6F /* Products */;
			projectDirPath = "";
			projectRoot = "";
			targets = (
				1BC081A81924F66D005CAC6F /* Stuffed Animal Battle */,
				1BC081C31924F66D005CAC6F /* Stuffed Animal BattleTests */,
			);
		};
/* End PBXProject section */

/* Begin PBXResourcesBuildPhase section */
		1BC081A71924F66D005CAC6F /* Resources */ = {
			isa = PBXResourcesBuildPhase;
			buildActionMask = 2147483647;
			files = (
				1BBA24EB192551CE00D8508D /* fishRight.png in Resources */,
				1BBA24ED192551E800D8508D /* seahorseLeft.png in Resources */,
				1BC081E61925401D005CAC6F /* FireBall.sks in Resources */,
				1BC081E319253F67005CAC6F /* Explosion.sks in Resources */,
				1BC081E419253F67005CAC6F /* spark.png in Resources */,
				1BC081B71924F66D005CAC6F /* InfoPlist.strings in Resources */,
				1BBA24E919254CFD00D8508D /* fishLeft.png in Resources */,
				1BC081BF1924F66D005CAC6F /* Images.xcassets in Resources */,
				1BBA24E719254B4800D8508D /* seahorseRight.png in Resources */,
			);
			runOnlyForDeploymentPostprocessing = 0;
		};
		1BC081C21924F66D005CAC6F /* Resources */ = {
			isa = PBXResourcesBuildPhase;
			buildActionMask = 2147483647;
			files = (
				1BC081D01924F66D005CAC6F /* InfoPlist.strings in Resources */,
			);
			runOnlyForDeploymentPostprocessing = 0;
		};
/* End PBXResourcesBuildPhase section */

/* Begin PBXSourcesBuildPhase section */
		1BC081A51924F66D005CAC6F /* Sources */ = {
			isa = PBXSourcesBuildPhase;
			buildActionMask = 2147483647;
			files = (
				1BC081DD1924F6D5005CAC6F /* SABViewController.m in Sources */,
				1BC081B91924F66D005CAC6F /* main.m in Sources */,
				1BC081BD1924F66D005CAC6F /* SABAppDelegate.m in Sources */,
				1BC081E01924FBEB005CAC6F /* SABGameScene.m in Sources */,
			);
			runOnlyForDeploymentPostprocessing = 0;
		};
		1BC081C01924F66D005CAC6F /* Sources */ = {
			isa = PBXSourcesBuildPhase;
			buildActionMask = 2147483647;
			files = (
				1BC081D21924F66D005CAC6F /* Stuffed_Animal_BattleTests.m in Sources */,
			);
			runOnlyForDeploymentPostprocessing = 0;
		};
/* End PBXSourcesBuildPhase section */

/* Begin PBXTargetDependency section */
		1BC081CA1924F66D005CAC6F /* PBXTargetDependency */ = {
			isa = PBXTargetDependency;
			target = 1BC081A81924F66D005CAC6F /* Stuffed Animal Battle */;
			targetProxy = 1BC081C91924F66D005CAC6F /* PBXContainerItemProxy */;
		};
/* End PBXTargetDependency section */

/* Begin PBXVariantGroup section */
		1BC081B51924F66D005CAC6F /* InfoPlist.strings */ = {
			isa = PBXVariantGroup;
			children = (
				1BC081B61924F66D005CAC6F /* en */,
			);
			name = InfoPlist.strings;
			sourceTree = "<group>";
		};
		1BC081CE1924F66D005CAC6F /* InfoPlist.strings */ = {
			isa = PBXVariantGroup;
			children = (
				1BC081CF1924F66D005CAC6F /* en */,
			);
			name = InfoPlist.strings;
			sourceTree = "<group>";
		};
/* End PBXVariantGroup section */

/* Begin XCBuildConfiguration section */
		1BC081D31924F66D005CAC6F /* Debug */ = {
			isa = XCBuildConfiguration;
			buildSettings = {
				ALWAYS_SEARCH_USER_PATHS = NO;
				CLANG_CXX_LANGUAGE_STANDARD = "gnu++0x";
				CLANG_CXX_LIBRARY = "libc++";
				CLANG_ENABLE_MODULES = YES;
				CLANG_ENABLE_OBJC_ARC = YES;
				CLANG_WARN_BOOL_CONVERSION = YES;
				CLANG_WARN_CONSTANT_CONVERSION = YES;
				CLANG_WARN_DIRECT_OBJC_ISA_USAGE = YES_ERROR;
				CLANG_WARN_EMPTY_BODY = YES;
				CLANG_WARN_ENUM_CONVERSION = YES;
				CLANG_WARN_INT_CONVERSION = YES;
				CLANG_WARN_OBJC_ROOT_CLASS = YES_ERROR;
				CLANG_WARN__DUPLICATE_METHOD_MATCH = YES;
				"CODE_SIGN_IDENTITY[sdk=iphoneos*]" = "iPhone Developer";
				COPY_PHASE_STRIP = NO;
				GCC_C_LANGUAGE_STANDARD = gnu99;
				GCC_DYNAMIC_NO_PIC = NO;
				GCC_OPTIMIZATION_LEVEL = 0;
				GCC_PREPROCESSOR_DEFINITIONS = (
					"DEBUG=1",
					"$(inherited)",
				);
				GCC_SYMBOLS_PRIVATE_EXTERN = NO;
				GCC_WARN_64_TO_32_BIT_CONVERSION = YES;
				GCC_WARN_ABOUT_RETURN_TYPE = YES_ERROR;
				GCC_WARN_UNDECLARED_SELECTOR = YES;
				GCC_WARN_UNINITIALIZED_AUTOS = YES_AGGRESSIVE;
				GCC_WARN_UNUSED_FUNCTION = YES;
				GCC_WARN_UNUSED_VARIABLE = YES;
				IPHONEOS_DEPLOYMENT_TARGET = 7.1;
				ONLY_ACTIVE_ARCH = YES;
				SDKROOT = iphoneos;
			};
			name = Debug;
		};
		1BC081D41924F66D005CAC6F /* Release */ = {
			isa = XCBuildConfiguration;
			buildSettings = {
				ALWAYS_SEARCH_USER_PATHS = NO;
				CLANG_CXX_LANGUAGE_STANDARD = "gnu++0x";
				CLANG_CXX_LIBRARY = "libc++";
				CLANG_ENABLE_MODULES = YES;
				CLANG_ENABLE_OBJC_ARC = YES;
				CLANG_WARN_BOOL_CONVERSION = YES;
				CLANG_WARN_CONSTANT_CONVERSION = YES;
				CLANG_WARN_DIRECT_OBJC_ISA_USAGE = YES_ERROR;
				CLANG_WARN_EMPTY_BODY = YES;
				CLANG_WARN_ENUM_CONVERSION = YES;
				CLANG_WARN_INT_CONVERSION = YES;
				CLANG_WARN_OBJC_ROOT_CLASS = YES_ERROR;
				CLANG_WARN__DUPLICATE_METHOD_MATCH = YES;
				"CODE_SIGN_IDENTITY[sdk=iphoneos*]" = "iPhone Developer";
				COPY_PHASE_STRIP = YES;
				ENABLE_NS_ASSERTIONS = NO;
				GCC_C_LANGUAGE_STANDARD = gnu99;
				GCC_WARN_64_TO_32_BIT_CONVERSION = YES;
				GCC_WARN_ABOUT_RETURN_TYPE = YES_ERROR;
				GCC_WARN_UNDECLARED_SELECTOR = YES;
				GCC_WARN_UNINITIALIZED_AUTOS = YES_AGGRESSIVE;
				GCC_WARN_UNUSED_FUNCTION = YES;
				GCC_WARN_UNUSED_VARIABLE = YES;
				IPHONEOS_DEPLOYMENT_TARGET = 7.1;
				SDKROOT = iphoneos;
				VALIDATE_PRODUCT = YES;
			};
			name = Release;
		};
		1BC081D61924F66D005CAC6F /* Debug */ = {
			isa = XCBuildConfiguration;
			buildSettings = {
				ASSETCATALOG_COMPILER_APPICON_NAME = AppIcon;
				ASSETCATALOG_COMPILER_LAUNCHIMAGE_NAME = LaunchImage;
				GCC_PRECOMPILE_PREFIX_HEADER = YES;
				GCC_PREFIX_HEADER = "Stuffed Animal Battle/Stuffed Animal Battle-Prefix.pch";
				INFOPLIST_FILE = "Stuffed Animal Battle/Stuffed Animal Battle-Info.plist";
				IPHONEOS_DEPLOYMENT_TARGET = 7.1;
				PRODUCT_NAME = "$(TARGET_NAME)";
				TARGETED_DEVICE_FAMILY = "1,2";
				WRAPPER_EXTENSION = app;
			};
			name = Debug;
		};
		1BC081D71924F66D005CAC6F /* Release */ = {
			isa = XCBuildConfiguration;
			buildSettings = {
				ASSETCATALOG_COMPILER_APPICON_NAME = AppIcon;
				ASSETCATALOG_COMPILER_LAUNCHIMAGE_NAME = LaunchImage;
				GCC_PRECOMPILE_PREFIX_HEADER = YES;
				GCC_PREFIX_HEADER = "Stuffed Animal Battle/Stuffed Animal Battle-Prefix.pch";
				INFOPLIST_FILE = "Stuffed Animal Battle/Stuffed Animal Battle-Info.plist";
				IPHONEOS_DEPLOYMENT_TARGET = 7.1;
				PRODUCT_NAME = "$(TARGET_NAME)";
				TARGETED_DEVICE_FAMILY = "1,2";
				WRAPPER_EXTENSION = app;
			};
			name = Release;
		};
		1BC081D91924F66D005CAC6F /* Debug */ = {
			isa = XCBuildConfiguration;
			buildSettings = {
				BUNDLE_LOADER = "$(BUILT_PRODUCTS_DIR)/Stuffed Animal Battle.app/Stuffed Animal Battle";
				FRAMEWORK_SEARCH_PATHS = (
					"$(SDKROOT)/Developer/Library/Frameworks",
					"$(inherited)",
					"$(DEVELOPER_FRAMEWORKS_DIR)",
				);
				GCC_PRECOMPILE_PREFIX_HEADER = YES;
				GCC_PREFIX_HEADER = "Stuffed Animal Battle/Stuffed Animal Battle-Prefix.pch";
				GCC_PREPROCESSOR_DEFINITIONS = (
					"DEBUG=1",
					"$(inherited)",
				);
				INFOPLIST_FILE = "Stuffed Animal BattleTests/Stuffed Animal BattleTests-Info.plist";
				PRODUCT_NAME = "$(TARGET_NAME)";
				TEST_HOST = "$(BUNDLE_LOADER)";
				WRAPPER_EXTENSION = xctest;
			};
			name = Debug;
		};
		1BC081DA1924F66D005CAC6F /* Release */ = {
			isa = XCBuildConfiguration;
			buildSettings = {
				BUNDLE_LOADER = "$(BUILT_PRODUCTS_DIR)/Stuffed Animal Battle.app/Stuffed Animal Battle";
				FRAMEWORK_SEARCH_PATHS = (
					"$(SDKROOT)/Developer/Library/Frameworks",
					"$(inherited)",
					"$(DEVELOPER_FRAMEWORKS_DIR)",
				);
				GCC_PRECOMPILE_PREFIX_HEADER = YES;
				GCC_PREFIX_HEADER = "Stuffed Animal Battle/Stuffed Animal Battle-Prefix.pch";
				INFOPLIST_FILE = "Stuffed Animal BattleTests/Stuffed Animal BattleTests-Info.plist";
				PRODUCT_NAME = "$(TARGET_NAME)";
				TEST_HOST = "$(BUNDLE_LOADER)";
				WRAPPER_EXTENSION = xctest;
			};
			name = Release;
		};
/* End XCBuildConfiguration section */

/* Begin XCConfigurationList section */
		1BC081A41924F66D005CAC6F /* Build configuration list for PBXProject "Stuffed Animal Battle" */ = {
			isa = XCConfigurationList;
			buildConfigurations = (
				1BC081D31924F66D005CAC6F /* Debug */,
				1BC081D41924F66D005CAC6F /* Release */,
			);
			defaultConfigurationIsVisible = 0;
			defaultConfigurationName = Release;
		};
		1BC081D51924F66D005CAC6F /* Build configuration list for PBXNativeTarget "Stuffed Animal Battle" */ = {
			isa = XCConfigurationList;
			buildConfigurations = (
				1BC081D61924F66D005CAC6F /* Debug */,
				1BC081D71924F66D005CAC6F /* Release */,
			);
			defaultConfigurationIsVisible = 0;
			defaultConfigurationName = Release;
		};
		1BC081D81924F66D005CAC6F /* Build configuration list for PBXNativeTarget "Stuffed Animal BattleTests" */ = {
			isa = XCConfigurationList;
			buildConfigurations = (
				1BC081D91924F66D005CAC6F /* Debug */,
				1BC081DA1924F66D005CAC6F /* Release */,
			);
			defaultConfigurationIsVisible = 0;
			defaultConfigurationName = Release;
		};
/* End XCConfigurationList section */
	};
	rootObject = 1BC081A11924F66D005CAC6F /* Project object */;
}
