// !$*UTF8*$!
{
	archiveVersion = 1;
	classes = {
	};
	objectVersion = 46;
	objects = {

/* Begin PBXBuildFile section */
		1B4FA02E1940A9E600EAE649 /* Foundation.framework in Frameworks */ = {isa = PBXBuildFile; fileRef = 1B4FA02D1940A9E600EAE649 /* Foundation.framework */; };
		1B4FA0301940A9E600EAE649 /* CoreGraphics.framework in Frameworks */ = {isa = PBXBuildFile; fileRef = 1B4FA02F1940A9E600EAE649 /* CoreGraphics.framework */; };
		1B4FA0321940A9E600EAE649 /* UIKit.framework in Frameworks */ = {isa = PBXBuildFile; fileRef = 1B4FA0311940A9E600EAE649 /* UIKit.framework */; };
		1B4FA0381940A9E600EAE649 /* InfoPlist.strings in Resources */ = {isa = PBXBuildFile; fileRef = 1B4FA0361940A9E600EAE649 /* InfoPlist.strings */; };
		1B4FA03A1940A9E600EAE649 /* main.m in Sources */ = {isa = PBXBuildFile; fileRef = 1B4FA0391940A9E600EAE649 /* main.m */; };
		1B4FA03E1940A9E600EAE649 /* RDAAppDelegate.m in Sources */ = {isa = PBXBuildFile; fileRef = 1B4FA03D1940A9E600EAE649 /* RDAAppDelegate.m */; };
		1B4FA0401940A9E600EAE649 /* Images.xcassets in Resources */ = {isa = PBXBuildFile; fileRef = 1B4FA03F1940A9E600EAE649 /* Images.xcassets */; };
		1B4FA0471940A9E600EAE649 /* XCTest.framework in Frameworks */ = {isa = PBXBuildFile; fileRef = 1B4FA0461940A9E600EAE649 /* XCTest.framework */; };
		1B4FA0481940A9E600EAE649 /* Foundation.framework in Frameworks */ = {isa = PBXBuildFile; fileRef = 1B4FA02D1940A9E600EAE649 /* Foundation.framework */; };
		1B4FA0491940A9E600EAE649 /* UIKit.framework in Frameworks */ = {isa = PBXBuildFile; fileRef = 1B4FA0311940A9E600EAE649 /* UIKit.framework */; };
		1B4FA0511940A9E600EAE649 /* InfoPlist.strings in Resources */ = {isa = PBXBuildFile; fileRef = 1B4FA04F1940A9E600EAE649 /* InfoPlist.strings */; };
		1B4FA0531940A9E600EAE649 /* RandomDestinationTests.m in Sources */ = {isa = PBXBuildFile; fileRef = 1B4FA0521940A9E600EAE649 /* RandomDestinationTests.m */; };
		1B4FA05E1940AAA700EAE649 /* RDAViewController.m in Sources */ = {isa = PBXBuildFile; fileRef = 1B4FA05D1940AAA700EAE649 /* RDAViewController.m */; };
		1B4FA0611940AAB700EAE649 /* RDATableViewController.m in Sources */ = {isa = PBXBuildFile; fileRef = 1B4FA0601940AAB700EAE649 /* RDATableViewController.m */; };
		1B4FA0641940ADF200EAE649 /* RDAFourSquareRequest.m in Sources */ = {isa = PBXBuildFile; fileRef = 1B4FA0631940ADF200EAE649 /* RDAFourSquareRequest.m */; };
		1B4FA0671940B9FA00EAE649 /* RDAAnnotation.m in Sources */ = {isa = PBXBuildFile; fileRef = 1B4FA0661940B9FA00EAE649 /* RDAAnnotation.m */; };
/* End PBXBuildFile section */

/* Begin PBXContainerItemProxy section */
		1B4FA04A1940A9E600EAE649 /* PBXContainerItemProxy */ = {
			isa = PBXContainerItemProxy;
			containerPortal = 1B4FA0221940A9E600EAE649 /* Project object */;
			proxyType = 1;
			remoteGlobalIDString = 1B4FA0291940A9E600EAE649;
			remoteInfo = RandomDestination;
		};
/* End PBXContainerItemProxy section */

/* Begin PBXFileReference section */
		1B4FA02A1940A9E600EAE649 /* RandomDestination.app */ = {isa = PBXFileReference; explicitFileType = wrapper.application; includeInIndex = 0; path = RandomDestination.app; sourceTree = BUILT_PRODUCTS_DIR; };
		1B4FA02D1940A9E600EAE649 /* Foundation.framework */ = {isa = PBXFileReference; lastKnownFileType = wrapper.framework; name = Foundation.framework; path = System/Library/Frameworks/Foundation.framework; sourceTree = SDKROOT; };
		1B4FA02F1940A9E600EAE649 /* CoreGraphics.framework */ = {isa = PBXFileReference; lastKnownFileType = wrapper.framework; name = CoreGraphics.framework; path = System/Library/Frameworks/CoreGraphics.framework; sourceTree = SDKROOT; };
		1B4FA0311940A9E600EAE649 /* UIKit.framework */ = {isa = PBXFileReference; lastKnownFileType = wrapper.framework; name = UIKit.framework; path = System/Library/Frameworks/UIKit.framework; sourceTree = SDKROOT; };
		1B4FA0351940A9E600EAE649 /* RandomDestination-Info.plist */ = {isa = PBXFileReference; lastKnownFileType = text.plist.xml; path = "RandomDestination-Info.plist"; sourceTree = "<group>"; };
		1B4FA0371940A9E600EAE649 /* en */ = {isa = PBXFileReference; lastKnownFileType = text.plist.strings; name = en; path = en.lproj/InfoPlist.strings; sourceTree = "<group>"; };
		1B4FA0391940A9E600EAE649 /* main.m */ = {isa = PBXFileReference; lastKnownFileType = sourcecode.c.objc; path = main.m; sourceTree = "<group>"; };
		1B4FA03B1940A9E600EAE649 /* RandomDestination-Prefix.pch */ = {isa = PBXFileReference; lastKnownFileType = sourcecode.c.h; path = "RandomDestination-Prefix.pch"; sourceTree = "<group>"; };
		1B4FA03C1940A9E600EAE649 /* RDAAppDelegate.h */ = {isa = PBXFileReference; lastKnownFileType = sourcecode.c.h; path = RDAAppDelegate.h; sourceTree = "<group>"; };
		1B4FA03D1940A9E600EAE649 /* RDAAppDelegate.m */ = {isa = PBXFileReference; lastKnownFileType = sourcecode.c.objc; path = RDAAppDelegate.m; sourceTree = "<group>"; };
		1B4FA03F1940A9E600EAE649 /* Images.xcassets */ = {isa = PBXFileReference; lastKnownFileType = folder.assetcatalog; path = Images.xcassets; sourceTree = "<group>"; };
		1B4FA0451940A9E600EAE649 /* RandomDestinationTests.xctest */ = {isa = PBXFileReference; explicitFileType = wrapper.cfbundle; includeInIndex = 0; path = RandomDestinationTests.xctest; sourceTree = BUILT_PRODUCTS_DIR; };
		1B4FA0461940A9E600EAE649 /* XCTest.framework */ = {isa = PBXFileReference; lastKnownFileType = wrapper.framework; name = XCTest.framework; path = Library/Frameworks/XCTest.framework; sourceTree = DEVELOPER_DIR; };
		1B4FA04E1940A9E600EAE649 /* RandomDestinationTests-Info.plist */ = {isa = PBXFileReference; lastKnownFileType = text.plist.xml; path = "RandomDestinationTests-Info.plist"; sourceTree = "<group>"; };
		1B4FA0501940A9E600EAE649 /* en */ = {isa = PBXFileReference; lastKnownFileType = text.plist.strings; name = en; path = en.lproj/InfoPlist.strings; sourceTree = "<group>"; };
		1B4FA0521940A9E600EAE649 /* RandomDestinationTests.m */ = {isa = PBXFileReference; lastKnownFileType = sourcecode.c.objc; path = RandomDestinationTests.m; sourceTree = "<group>"; };
		1B4FA05C1940AAA700EAE649 /* RDAViewController.h */ = {isa = PBXFileReference; fileEncoding = 4; lastKnownFileType = sourcecode.c.h; path = RDAViewController.h; sourceTree = "<group>"; };
		1B4FA05D1940AAA700EAE649 /* RDAViewController.m */ = {isa = PBXFileReference; fileEncoding = 4; lastKnownFileType = sourcecode.c.objc; path = RDAViewController.m; sourceTree = "<group>"; };
		1B4FA05F1940AAB700EAE649 /* RDATableViewController.h */ = {isa = PBXFileReference; fileEncoding = 4; lastKnownFileType = sourcecode.c.h; path = RDATableViewController.h; sourceTree = "<group>"; };
		1B4FA0601940AAB700EAE649 /* RDATableViewController.m */ = {isa = PBXFileReference; fileEncoding = 4; lastKnownFileType = sourcecode.c.objc; path = RDATableViewController.m; sourceTree = "<group>"; };
		1B4FA0621940ADF200EAE649 /* RDAFourSquareRequest.h */ = {isa = PBXFileReference; fileEncoding = 4; lastKnownFileType = sourcecode.c.h; path = RDAFourSquareRequest.h; sourceTree = "<group>"; };
		1B4FA0631940ADF200EAE649 /* RDAFourSquareRequest.m */ = {isa = PBXFileReference; fileEncoding = 4; lastKnownFileType = sourcecode.c.objc; path = RDAFourSquareRequest.m; sourceTree = "<group>"; };
		1B4FA0651940B9FA00EAE649 /* RDAAnnotation.h */ = {isa = PBXFileReference; fileEncoding = 4; lastKnownFileType = sourcecode.c.h; path = RDAAnnotation.h; sourceTree = "<group>"; };
		1B4FA0661940B9FA00EAE649 /* RDAAnnotation.m */ = {isa = PBXFileReference; fileEncoding = 4; lastKnownFileType = sourcecode.c.objc; path = RDAAnnotation.m; sourceTree = "<group>"; };
/* End PBXFileReference section */

/* Begin PBXFrameworksBuildPhase section */
		1B4FA0271940A9E600EAE649 /* Frameworks */ = {
			isa = PBXFrameworksBuildPhase;
			buildActionMask = 2147483647;
			files = (
				1B4FA0301940A9E600EAE649 /* CoreGraphics.framework in Frameworks */,
				1B4FA0321940A9E600EAE649 /* UIKit.framework in Frameworks */,
				1B4FA02E1940A9E600EAE649 /* Foundation.framework in Frameworks */,
			);
			runOnlyForDeploymentPostprocessing = 0;
		};
		1B4FA0421940A9E600EAE649 /* Frameworks */ = {
			isa = PBXFrameworksBuildPhase;
			buildActionMask = 2147483647;
			files = (
				1B4FA0471940A9E600EAE649 /* XCTest.framework in Frameworks */,
				1B4FA0491940A9E600EAE649 /* UIKit.framework in Frameworks */,
				1B4FA0481940A9E600EAE649 /* Foundation.framework in Frameworks */,
			);
			runOnlyForDeploymentPostprocessing = 0;
		};
/* End PBXFrameworksBuildPhase section */

/* Begin PBXGroup section */
		1B4FA0211940A9E600EAE649 = {
			isa = PBXGroup;
			children = (
				1B4FA0651940B9FA00EAE649 /* RDAAnnotation.h */,
				1B4FA0661940B9FA00EAE649 /* RDAAnnotation.m */,
				1B4FA0621940ADF200EAE649 /* RDAFourSquareRequest.h */,
				1B4FA0631940ADF200EAE649 /* RDAFourSquareRequest.m */,
				1B4FA05F1940AAB700EAE649 /* RDATableViewController.h */,
				1B4FA0601940AAB700EAE649 /* RDATableViewController.m */,
				1B4FA05C1940AAA700EAE649 /* RDAViewController.h */,
				1B4FA05D1940AAA700EAE649 /* RDAViewController.m */,
				1B4FA0331940A9E600EAE649 /* RandomDestination */,
				1B4FA04C1940A9E600EAE649 /* RandomDestinationTests */,
				1B4FA02C1940A9E600EAE649 /* Frameworks */,
				1B4FA02B1940A9E600EAE649 /* Products */,
			);
			sourceTree = "<group>";
		};
		1B4FA02B1940A9E600EAE649 /* Products */ = {
			isa = PBXGroup;
			children = (
				1B4FA02A1940A9E600EAE649 /* RandomDestination.app */,
				1B4FA0451940A9E600EAE649 /* RandomDestinationTests.xctest */,
			);
			name = Products;
			sourceTree = "<group>";
		};
		1B4FA02C1940A9E600EAE649 /* Frameworks */ = {
			isa = PBXGroup;
			children = (
				1B4FA02D1940A9E600EAE649 /* Foundation.framework */,
				1B4FA02F1940A9E600EAE649 /* CoreGraphics.framework */,
				1B4FA0311940A9E600EAE649 /* UIKit.framework */,
				1B4FA0461940A9E600EAE649 /* XCTest.framework */,
			);
			name = Frameworks;
			sourceTree = "<group>";
		};
		1B4FA0331940A9E600EAE649 /* RandomDestination */ = {
			isa = PBXGroup;
			children = (
				1B4FA03C1940A9E600EAE649 /* RDAAppDelegate.h */,
				1B4FA03D1940A9E600EAE649 /* RDAAppDelegate.m */,
				1B4FA03F1940A9E600EAE649 /* Images.xcassets */,
				1B4FA0341940A9E600EAE649 /* Supporting Files */,
			);
			path = RandomDestination;
			sourceTree = "<group>";
		};
		1B4FA0341940A9E600EAE649 /* Supporting Files */ = {
			isa = PBXGroup;
			children = (
				1B4FA0351940A9E600EAE649 /* RandomDestination-Info.plist */,
				1B4FA0361940A9E600EAE649 /* InfoPlist.strings */,
				1B4FA0391940A9E600EAE649 /* main.m */,
				1B4FA03B1940A9E600EAE649 /* RandomDestination-Prefix.pch */,
			);
			name = "Supporting Files";
			sourceTree = "<group>";
		};
		1B4FA04C1940A9E600EAE649 /* RandomDestinationTests */ = {
			isa = PBXGroup;
			children = (
				1B4FA0521940A9E600EAE649 /* RandomDestinationTests.m */,
				1B4FA04D1940A9E600EAE649 /* Supporting Files */,
			);
			path = RandomDestinationTests;
			sourceTree = "<group>";
		};
		1B4FA04D1940A9E600EAE649 /* Supporting Files */ = {
			isa = PBXGroup;
			children = (
				1B4FA04E1940A9E600EAE649 /* RandomDestinationTests-Info.plist */,
				1B4FA04F1940A9E600EAE649 /* InfoPlist.strings */,
			);
			name = "Supporting Files";
			sourceTree = "<group>";
		};
/* End PBXGroup section */

/* Begin PBXNativeTarget section */
		1B4FA0291940A9E600EAE649 /* RandomDestination */ = {
			isa = PBXNativeTarget;
			buildConfigurationList = 1B4FA0561940A9E600EAE649 /* Build configuration list for PBXNativeTarget "RandomDestination" */;
			buildPhases = (
				1B4FA0261940A9E600EAE649 /* Sources */,
				1B4FA0271940A9E600EAE649 /* Frameworks */,
				1B4FA0281940A9E600EAE649 /* Resources */,
			);
			buildRules = (
			);
			dependencies = (
			);
			name = RandomDestination;
			productName = RandomDestination;
			productReference = 1B4FA02A1940A9E600EAE649 /* RandomDestination.app */;
			productType = "com.apple.product-type.application";
		};
		1B4FA0441940A9E600EAE649 /* RandomDestinationTests */ = {
			isa = PBXNativeTarget;
			buildConfigurationList = 1B4FA0591940A9E600EAE649 /* Build configuration list for PBXNativeTarget "RandomDestinationTests" */;
			buildPhases = (
				1B4FA0411940A9E600EAE649 /* Sources */,
				1B4FA0421940A9E600EAE649 /* Frameworks */,
				1B4FA0431940A9E600EAE649 /* Resources */,
			);
			buildRules = (
			);
			dependencies = (
				1B4FA04B1940A9E600EAE649 /* PBXTargetDependency */,
			);
			name = RandomDestinationTests;
			productName = RandomDestinationTests;
			productReference = 1B4FA0451940A9E600EAE649 /* RandomDestinationTests.xctest */;
			productType = "com.apple.product-type.bundle.unit-test";
		};
/* End PBXNativeTarget section */

/* Begin PBXProject section */
		1B4FA0221940A9E600EAE649 /* Project object */ = {
			isa = PBXProject;
			attributes = {
				CLASSPREFIX = RDA;
				LastUpgradeCheck = 0510;
				ORGANIZATIONNAME = "Jeffery Moulds";
				TargetAttributes = {
					1B4FA0441940A9E600EAE649 = {
						TestTargetID = 1B4FA0291940A9E600EAE649;
					};
				};
			};
			buildConfigurationList = 1B4FA0251940A9E600EAE649 /* Build configuration list for PBXProject "RandomDestination" */;
			compatibilityVersion = "Xcode 3.2";
			developmentRegion = English;
			hasScannedForEncodings = 0;
			knownRegions = (
				en,
			);
			mainGroup = 1B4FA0211940A9E600EAE649;
			productRefGroup = 1B4FA02B1940A9E600EAE649 /* Products */;
			projectDirPath = "";
			projectRoot = "";
			targets = (
				1B4FA0291940A9E600EAE649 /* RandomDestination */,
				1B4FA0441940A9E600EAE649 /* RandomDestinationTests */,
			);
		};
/* End PBXProject section */

/* Begin PBXResourcesBuildPhase section */
		1B4FA0281940A9E600EAE649 /* Resources */ = {
			isa = PBXResourcesBuildPhase;
			buildActionMask = 2147483647;
			files = (
				1B4FA0381940A9E600EAE649 /* InfoPlist.strings in Resources */,
				1B4FA0401940A9E600EAE649 /* Images.xcassets in Resources */,
			);
			runOnlyForDeploymentPostprocessing = 0;
		};
		1B4FA0431940A9E600EAE649 /* Resources */ = {
			isa = PBXResourcesBuildPhase;
			buildActionMask = 2147483647;
			files = (
				1B4FA0511940A9E600EAE649 /* InfoPlist.strings in Resources */,
			);
			runOnlyForDeploymentPostprocessing = 0;
		};
/* End PBXResourcesBuildPhase section */

/* Begin PBXSourcesBuildPhase section */
		1B4FA0261940A9E600EAE649 /* Sources */ = {
			isa = PBXSourcesBuildPhase;
			buildActionMask = 2147483647;
			files = (
				1B4FA03E1940A9E600EAE649 /* RDAAppDelegate.m in Sources */,
				1B4FA0611940AAB700EAE649 /* RDATableViewController.m in Sources */,
				1B4FA05E1940AAA700EAE649 /* RDAViewController.m in Sources */,
				1B4FA0641940ADF200EAE649 /* RDAFourSquareRequest.m in Sources */,
				1B4FA0671940B9FA00EAE649 /* RDAAnnotation.m in Sources */,
				1B4FA03A1940A9E600EAE649 /* main.m in Sources */,
			);
			runOnlyForDeploymentPostprocessing = 0;
		};
		1B4FA0411940A9E600EAE649 /* Sources */ = {
			isa = PBXSourcesBuildPhase;
			buildActionMask = 2147483647;
			files = (
				1B4FA0531940A9E600EAE649 /* RandomDestinationTests.m in Sources */,
			);
			runOnlyForDeploymentPostprocessing = 0;
		};
/* End PBXSourcesBuildPhase section */

/* Begin PBXTargetDependency section */
		1B4FA04B1940A9E600EAE649 /* PBXTargetDependency */ = {
			isa = PBXTargetDependency;
			target = 1B4FA0291940A9E600EAE649 /* RandomDestination */;
			targetProxy = 1B4FA04A1940A9E600EAE649 /* PBXContainerItemProxy */;
		};
/* End PBXTargetDependency section */

/* Begin PBXVariantGroup section */
		1B4FA0361940A9E600EAE649 /* InfoPlist.strings */ = {
			isa = PBXVariantGroup;
			children = (
				1B4FA0371940A9E600EAE649 /* en */,
			);
			name = InfoPlist.strings;
			sourceTree = "<group>";
		};
		1B4FA04F1940A9E600EAE649 /* InfoPlist.strings */ = {
			isa = PBXVariantGroup;
			children = (
				1B4FA0501940A9E600EAE649 /* en */,
			);
			name = InfoPlist.strings;
			sourceTree = "<group>";
		};
/* End PBXVariantGroup section */

/* Begin XCBuildConfiguration section */
		1B4FA0541940A9E600EAE649 /* Debug */ = {
			isa = XCBuildConfiguration;
			buildSettings = {
				ALWAYS_SEARCH_USER_PATHS = NO;
				CLANG_CXX_LANGUAGE_STANDARD = "gnu++0x";
				CLANG_CXX_LIBRARY = "libc++";
				CLANG_ENABLE_MODULES = YES;
				CLANG_ENABLE_OBJC_ARC = YES;
				CLANG_WARN_BOOL_CONVERSION = YES;
				CLANG_WARN_CONSTANT_CONVERSION = YES;
				CLANG_WARN_DIRECT_OBJC_ISA_USAGE = YES_ERROR;
				CLANG_WARN_EMPTY_BODY = YES;
				CLANG_WARN_ENUM_CONVERSION = YES;
				CLANG_WARN_INT_CONVERSION = YES;
				CLANG_WARN_OBJC_ROOT_CLASS = YES_ERROR;
				CLANG_WARN__DUPLICATE_METHOD_MATCH = YES;
				"CODE_SIGN_IDENTITY[sdk=iphoneos*]" = "iPhone Developer";
				COPY_PHASE_STRIP = NO;
				GCC_C_LANGUAGE_STANDARD = gnu99;
				GCC_DYNAMIC_NO_PIC = NO;
				GCC_OPTIMIZATION_LEVEL = 0;
				GCC_PREPROCESSOR_DEFINITIONS = (
					"DEBUG=1",
					"$(inherited)",
				);
				GCC_SYMBOLS_PRIVATE_EXTERN = NO;
				GCC_WARN_64_TO_32_BIT_CONVERSION = YES;
				GCC_WARN_ABOUT_RETURN_TYPE = YES_ERROR;
				GCC_WARN_UNDECLARED_SELECTOR = YES;
				GCC_WARN_UNINITIALIZED_AUTOS = YES_AGGRESSIVE;
				GCC_WARN_UNUSED_FUNCTION = YES;
				GCC_WARN_UNUSED_VARIABLE = YES;
				IPHONEOS_DEPLOYMENT_TARGET = 7.1;
				ONLY_ACTIVE_ARCH = YES;
				SDKROOT = iphoneos;
			};
			name = Debug;
		};
		1B4FA0551940A9E600EAE649 /* Release */ = {
			isa = XCBuildConfiguration;
			buildSettings = {
				ALWAYS_SEARCH_USER_PATHS = NO;
				CLANG_CXX_LANGUAGE_STANDARD = "gnu++0x";
				CLANG_CXX_LIBRARY = "libc++";
				CLANG_ENABLE_MODULES = YES;
				CLANG_ENABLE_OBJC_ARC = YES;
				CLANG_WARN_BOOL_CONVERSION = YES;
				CLANG_WARN_CONSTANT_CONVERSION = YES;
				CLANG_WARN_DIRECT_OBJC_ISA_USAGE = YES_ERROR;
				CLANG_WARN_EMPTY_BODY = YES;
				CLANG_WARN_ENUM_CONVERSION = YES;
				CLANG_WARN_INT_CONVERSION = YES;
				CLANG_WARN_OBJC_ROOT_CLASS = YES_ERROR;
				CLANG_WARN__DUPLICATE_METHOD_MATCH = YES;
				"CODE_SIGN_IDENTITY[sdk=iphoneos*]" = "iPhone Developer";
				COPY_PHASE_STRIP = YES;
				ENABLE_NS_ASSERTIONS = NO;
				GCC_C_LANGUAGE_STANDARD = gnu99;
				GCC_WARN_64_TO_32_BIT_CONVERSION = YES;
				GCC_WARN_ABOUT_RETURN_TYPE = YES_ERROR;
				GCC_WARN_UNDECLARED_SELECTOR = YES;
				GCC_WARN_UNINITIALIZED_AUTOS = YES_AGGRESSIVE;
				GCC_WARN_UNUSED_FUNCTION = YES;
				GCC_WARN_UNUSED_VARIABLE = YES;
				IPHONEOS_DEPLOYMENT_TARGET = 7.1;
				SDKROOT = iphoneos;
				VALIDATE_PRODUCT = YES;
			};
			name = Release;
		};
		1B4FA0571940A9E600EAE649 /* Debug */ = {
			isa = XCBuildConfiguration;
			buildSettings = {
				ASSETCATALOG_COMPILER_APPICON_NAME = AppIcon;
				ASSETCATALOG_COMPILER_LAUNCHIMAGE_NAME = LaunchImage;
				GCC_PRECOMPILE_PREFIX_HEADER = YES;
				GCC_PREFIX_HEADER = "RandomDestination/RandomDestination-Prefix.pch";
				INFOPLIST_FILE = "RandomDestination/RandomDestination-Info.plist";
				PRODUCT_NAME = "$(TARGET_NAME)";
				WRAPPER_EXTENSION = app;
			};
			name = Debug;
		};
		1B4FA0581940A9E600EAE649 /* Release */ = {
			isa = XCBuildConfiguration;
			buildSettings = {
				ASSETCATALOG_COMPILER_APPICON_NAME = AppIcon;
				ASSETCATALOG_COMPILER_LAUNCHIMAGE_NAME = LaunchImage;
				GCC_PRECOMPILE_PREFIX_HEADER = YES;
				GCC_PREFIX_HEADER = "RandomDestination/RandomDestination-Prefix.pch";
				INFOPLIST_FILE = "RandomDestination/RandomDestination-Info.plist";
				PRODUCT_NAME = "$(TARGET_NAME)";
				WRAPPER_EXTENSION = app;
			};
			name = Release;
		};
		1B4FA05A1940A9E600EAE649 /* Debug */ = {
			isa = XCBuildConfiguration;
			buildSettings = {
				BUNDLE_LOADER = "$(BUILT_PRODUCTS_DIR)/RandomDestination.app/RandomDestination";
				FRAMEWORK_SEARCH_PATHS = (
					"$(SDKROOT)/Developer/Library/Frameworks",
					"$(inherited)",
					"$(DEVELOPER_FRAMEWORKS_DIR)",
				);
				GCC_PRECOMPILE_PREFIX_HEADER = YES;
				GCC_PREFIX_HEADER = "RandomDestination/RandomDestination-Prefix.pch";
				GCC_PREPROCESSOR_DEFINITIONS = (
					"DEBUG=1",
					"$(inherited)",
				);
				INFOPLIST_FILE = "RandomDestinationTests/RandomDestinationTests-Info.plist";
				PRODUCT_NAME = "$(TARGET_NAME)";
				TEST_HOST = "$(BUNDLE_LOADER)";
				WRAPPER_EXTENSION = xctest;
			};
			name = Debug;
		};
		1B4FA05B1940A9E600EAE649 /* Release */ = {
			isa = XCBuildConfiguration;
			buildSettings = {
				BUNDLE_LOADER = "$(BUILT_PRODUCTS_DIR)/RandomDestination.app/RandomDestination";
				FRAMEWORK_SEARCH_PATHS = (
					"$(SDKROOT)/Developer/Library/Frameworks",
					"$(inherited)",
					"$(DEVELOPER_FRAMEWORKS_DIR)",
				);
				GCC_PRECOMPILE_PREFIX_HEADER = YES;
				GCC_PREFIX_HEADER = "RandomDestination/RandomDestination-Prefix.pch";
				INFOPLIST_FILE = "RandomDestinationTests/RandomDestinationTests-Info.plist";
				PRODUCT_NAME = "$(TARGET_NAME)";
				TEST_HOST = "$(BUNDLE_LOADER)";
				WRAPPER_EXTENSION = xctest;
			};
			name = Release;
		};
/* End XCBuildConfiguration section */

/* Begin XCConfigurationList section */
		1B4FA0251940A9E600EAE649 /* Build configuration list for PBXProject "RandomDestination" */ = {
			isa = XCConfigurationList;
			buildConfigurations = (
				1B4FA0541940A9E600EAE649 /* Debug */,
				1B4FA0551940A9E600EAE649 /* Release */,
			);
			defaultConfigurationIsVisible = 0;
			defaultConfigurationName = Release;
		};
		1B4FA0561940A9E600EAE649 /* Build configuration list for PBXNativeTarget "RandomDestination" */ = {
			isa = XCConfigurationList;
			buildConfigurations = (
				1B4FA0571940A9E600EAE649 /* Debug */,
				1B4FA0581940A9E600EAE649 /* Release */,
			);
			defaultConfigurationIsVisible = 0;
		};
		1B4FA0591940A9E600EAE649 /* Build configuration list for PBXNativeTarget "RandomDestinationTests" */ = {
			isa = XCConfigurationList;
			buildConfigurations = (
				1B4FA05A1940A9E600EAE649 /* Debug */,
				1B4FA05B1940A9E600EAE649 /* Release */,
			);
			defaultConfigurationIsVisible = 0;
		};
/* End XCConfigurationList section */
	};
	rootObject = 1B4FA0221940A9E600EAE649 /* Project object */;
}
