// !$*UTF8*$!
{
	archiveVersion = 1;
	classes = {
	};
	objectVersion = 46;
	objects = {

/* Begin PBXBuildFile section */
		1B1AF8F218F44A6D0083066A /* Foundation.framework in Frameworks */ = {isa = PBXBuildFile; fileRef = 1B1AF8F118F44A6D0083066A /* Foundation.framework */; };
		1B1AF8F418F44A6D0083066A /* CoreGraphics.framework in Frameworks */ = {isa = PBXBuildFile; fileRef = 1B1AF8F318F44A6D0083066A /* CoreGraphics.framework */; };
		1B1AF8F618F44A6D0083066A /* UIKit.framework in Frameworks */ = {isa = PBXBuildFile; fileRef = 1B1AF8F518F44A6D0083066A /* UIKit.framework */; };
		1B1AF8FC18F44A6D0083066A /* InfoPlist.strings in Resources */ = {isa = PBXBuildFile; fileRef = 1B1AF8FA18F44A6D0083066A /* InfoPlist.strings */; };
		1B1AF8FE18F44A6D0083066A /* main.m in Sources */ = {isa = PBXBuildFile; fileRef = 1B1AF8FD18F44A6D0083066A /* main.m */; };
		1B1AF90218F44A6D0083066A /* TDLAppDelegate.m in Sources */ = {isa = PBXBuildFile; fileRef = 1B1AF90118F44A6D0083066A /* TDLAppDelegate.m */; };
		1B1AF90418F44A6D0083066A /* Images.xcassets in Resources */ = {isa = PBXBuildFile; fileRef = 1B1AF90318F44A6D0083066A /* Images.xcassets */; };
		1B1AF90B18F44A6D0083066A /* XCTest.framework in Frameworks */ = {isa = PBXBuildFile; fileRef = 1B1AF90A18F44A6D0083066A /* XCTest.framework */; };
		1B1AF90C18F44A6D0083066A /* Foundation.framework in Frameworks */ = {isa = PBXBuildFile; fileRef = 1B1AF8F118F44A6D0083066A /* Foundation.framework */; };
		1B1AF90D18F44A6D0083066A /* UIKit.framework in Frameworks */ = {isa = PBXBuildFile; fileRef = 1B1AF8F518F44A6D0083066A /* UIKit.framework */; };
		1B1AF91518F44A6D0083066A /* InfoPlist.strings in Resources */ = {isa = PBXBuildFile; fileRef = 1B1AF91318F44A6D0083066A /* InfoPlist.strings */; };
		1B1AF91718F44A6D0083066A /* ToDo2Tests.m in Sources */ = {isa = PBXBuildFile; fileRef = 1B1AF91618F44A6D0083066A /* ToDo2Tests.m */; };
		1B1AF92218F44AC40083066A /* TDLTableViewController.m in Sources */ = {isa = PBXBuildFile; fileRef = 1B1AF92118F44AC40083066A /* TDLTableViewController.m */; };
		1B1AF92518F45BB40083066A /* TDLTableViewCell.m in Sources */ = {isa = PBXBuildFile; fileRef = 1B1AF92418F45BB40083066A /* TDLTableViewCell.m */; };
/* End PBXBuildFile section */

/* Begin PBXContainerItemProxy section */
		1B1AF90E18F44A6D0083066A /* PBXContainerItemProxy */ = {
			isa = PBXContainerItemProxy;
			containerPortal = 1B1AF8E618F44A6D0083066A /* Project object */;
			proxyType = 1;
			remoteGlobalIDString = 1B1AF8ED18F44A6D0083066A;
			remoteInfo = ToDo2;
		};
/* End PBXContainerItemProxy section */

/* Begin PBXFileReference section */
		1B1AF8EE18F44A6D0083066A /* ToDo2.app */ = {isa = PBXFileReference; explicitFileType = wrapper.application; includeInIndex = 0; path = ToDo2.app; sourceTree = BUILT_PRODUCTS_DIR; };
		1B1AF8F118F44A6D0083066A /* Foundation.framework */ = {isa = PBXFileReference; lastKnownFileType = wrapper.framework; name = Foundation.framework; path = System/Library/Frameworks/Foundation.framework; sourceTree = SDKROOT; };
		1B1AF8F318F44A6D0083066A /* CoreGraphics.framework */ = {isa = PBXFileReference; lastKnownFileType = wrapper.framework; name = CoreGraphics.framework; path = System/Library/Frameworks/CoreGraphics.framework; sourceTree = SDKROOT; };
		1B1AF8F518F44A6D0083066A /* UIKit.framework */ = {isa = PBXFileReference; lastKnownFileType = wrapper.framework; name = UIKit.framework; path = System/Library/Frameworks/UIKit.framework; sourceTree = SDKROOT; };
		1B1AF8F918F44A6D0083066A /* ToDo2-Info.plist */ = {isa = PBXFileReference; lastKnownFileType = text.plist.xml; path = "ToDo2-Info.plist"; sourceTree = "<group>"; };
		1B1AF8FB18F44A6D0083066A /* en */ = {isa = PBXFileReference; lastKnownFileType = text.plist.strings; name = en; path = en.lproj/InfoPlist.strings; sourceTree = "<group>"; };
		1B1AF8FD18F44A6D0083066A /* main.m */ = {isa = PBXFileReference; lastKnownFileType = sourcecode.c.objc; path = main.m; sourceTree = "<group>"; };
		1B1AF8FF18F44A6D0083066A /* ToDo2-Prefix.pch */ = {isa = PBXFileReference; lastKnownFileType = sourcecode.c.h; path = "ToDo2-Prefix.pch"; sourceTree = "<group>"; };
		1B1AF90018F44A6D0083066A /* TDLAppDelegate.h */ = {isa = PBXFileReference; lastKnownFileType = sourcecode.c.h; path = TDLAppDelegate.h; sourceTree = "<group>"; };
		1B1AF90118F44A6D0083066A /* TDLAppDelegate.m */ = {isa = PBXFileReference; lastKnownFileType = sourcecode.c.objc; path = TDLAppDelegate.m; sourceTree = "<group>"; };
		1B1AF90318F44A6D0083066A /* Images.xcassets */ = {isa = PBXFileReference; lastKnownFileType = folder.assetcatalog; path = Images.xcassets; sourceTree = "<group>"; };
		1B1AF90918F44A6D0083066A /* ToDo2Tests.xctest */ = {isa = PBXFileReference; explicitFileType = wrapper.cfbundle; includeInIndex = 0; path = ToDo2Tests.xctest; sourceTree = BUILT_PRODUCTS_DIR; };
		1B1AF90A18F44A6D0083066A /* XCTest.framework */ = {isa = PBXFileReference; lastKnownFileType = wrapper.framework; name = XCTest.framework; path = Library/Frameworks/XCTest.framework; sourceTree = DEVELOPER_DIR; };
		1B1AF91218F44A6D0083066A /* ToDo2Tests-Info.plist */ = {isa = PBXFileReference; lastKnownFileType = text.plist.xml; path = "ToDo2Tests-Info.plist"; sourceTree = "<group>"; };
		1B1AF91418F44A6D0083066A /* en */ = {isa = PBXFileReference; lastKnownFileType = text.plist.strings; name = en; path = en.lproj/InfoPlist.strings; sourceTree = "<group>"; };
		1B1AF91618F44A6D0083066A /* ToDo2Tests.m */ = {isa = PBXFileReference; lastKnownFileType = sourcecode.c.objc; path = ToDo2Tests.m; sourceTree = "<group>"; };
		1B1AF92018F44AC40083066A /* TDLTableViewController.h */ = {isa = PBXFileReference; fileEncoding = 4; lastKnownFileType = sourcecode.c.h; path = TDLTableViewController.h; sourceTree = "<group>"; };
		1B1AF92118F44AC40083066A /* TDLTableViewController.m */ = {isa = PBXFileReference; fileEncoding = 4; lastKnownFileType = sourcecode.c.objc; path = TDLTableViewController.m; sourceTree = "<group>"; };
		1B1AF92318F45BB40083066A /* TDLTableViewCell.h */ = {isa = PBXFileReference; fileEncoding = 4; lastKnownFileType = sourcecode.c.h; path = TDLTableViewCell.h; sourceTree = "<group>"; };
		1B1AF92418F45BB40083066A /* TDLTableViewCell.m */ = {isa = PBXFileReference; fileEncoding = 4; lastKnownFileType = sourcecode.c.objc; path = TDLTableViewCell.m; sourceTree = "<group>"; };
/* End PBXFileReference section */

/* Begin PBXFrameworksBuildPhase section */
		1B1AF8EB18F44A6D0083066A /* Frameworks */ = {
			isa = PBXFrameworksBuildPhase;
			buildActionMask = 2147483647;
			files = (
				1B1AF8F418F44A6D0083066A /* CoreGraphics.framework in Frameworks */,
				1B1AF8F618F44A6D0083066A /* UIKit.framework in Frameworks */,
				1B1AF8F218F44A6D0083066A /* Foundation.framework in Frameworks */,
			);
			runOnlyForDeploymentPostprocessing = 0;
		};
		1B1AF90618F44A6D0083066A /* Frameworks */ = {
			isa = PBXFrameworksBuildPhase;
			buildActionMask = 2147483647;
			files = (
				1B1AF90B18F44A6D0083066A /* XCTest.framework in Frameworks */,
				1B1AF90D18F44A6D0083066A /* UIKit.framework in Frameworks */,
				1B1AF90C18F44A6D0083066A /* Foundation.framework in Frameworks */,
			);
			runOnlyForDeploymentPostprocessing = 0;
		};
/* End PBXFrameworksBuildPhase section */

/* Begin PBXGroup section */
		1B1AF8E518F44A6D0083066A = {
			isa = PBXGroup;
			children = (
				1B1AF8F718F44A6D0083066A /* ToDo2 */,
				1B1AF91018F44A6D0083066A /* ToDo2Tests */,
				1B1AF8F018F44A6D0083066A /* Frameworks */,
				1B1AF8EF18F44A6D0083066A /* Products */,
			);
			sourceTree = "<group>";
		};
		1B1AF8EF18F44A6D0083066A /* Products */ = {
			isa = PBXGroup;
			children = (
				1B1AF8EE18F44A6D0083066A /* ToDo2.app */,
				1B1AF90918F44A6D0083066A /* ToDo2Tests.xctest */,
			);
			name = Products;
			sourceTree = "<group>";
		};
		1B1AF8F018F44A6D0083066A /* Frameworks */ = {
			isa = PBXGroup;
			children = (
				1B1AF8F118F44A6D0083066A /* Foundation.framework */,
				1B1AF8F318F44A6D0083066A /* CoreGraphics.framework */,
				1B1AF8F518F44A6D0083066A /* UIKit.framework */,
				1B1AF90A18F44A6D0083066A /* XCTest.framework */,
			);
			name = Frameworks;
			sourceTree = "<group>";
		};
		1B1AF8F718F44A6D0083066A /* ToDo2 */ = {
			isa = PBXGroup;
			children = (
				1B1AF90018F44A6D0083066A /* TDLAppDelegate.h */,
				1B1AF90118F44A6D0083066A /* TDLAppDelegate.m */,
				1B1AF90318F44A6D0083066A /* Images.xcassets */,
				1B1AF8F818F44A6D0083066A /* Supporting Files */,
				1B1AF92018F44AC40083066A /* TDLTableViewController.h */,
				1B1AF92118F44AC40083066A /* TDLTableViewController.m */,
				1B1AF92318F45BB40083066A /* TDLTableViewCell.h */,
				1B1AF92418F45BB40083066A /* TDLTableViewCell.m */,
			);
			path = ToDo2;
			sourceTree = "<group>";
		};
		1B1AF8F818F44A6D0083066A /* Supporting Files */ = {
			isa = PBXGroup;
			children = (
				1B1AF8F918F44A6D0083066A /* ToDo2-Info.plist */,
				1B1AF8FA18F44A6D0083066A /* InfoPlist.strings */,
				1B1AF8FD18F44A6D0083066A /* main.m */,
				1B1AF8FF18F44A6D0083066A /* ToDo2-Prefix.pch */,
			);
			name = "Supporting Files";
			sourceTree = "<group>";
		};
		1B1AF91018F44A6D0083066A /* ToDo2Tests */ = {
			isa = PBXGroup;
			children = (
				1B1AF91618F44A6D0083066A /* ToDo2Tests.m */,
				1B1AF91118F44A6D0083066A /* Supporting Files */,
			);
			path = ToDo2Tests;
			sourceTree = "<group>";
		};
		1B1AF91118F44A6D0083066A /* Supporting Files */ = {
			isa = PBXGroup;
			children = (
				1B1AF91218F44A6D0083066A /* ToDo2Tests-Info.plist */,
				1B1AF91318F44A6D0083066A /* InfoPlist.strings */,
			);
			name = "Supporting Files";
			sourceTree = "<group>";
		};
/* End PBXGroup section */

/* Begin PBXNativeTarget section */
		1B1AF8ED18F44A6D0083066A /* ToDo2 */ = {
			isa = PBXNativeTarget;
			buildConfigurationList = 1B1AF91A18F44A6D0083066A /* Build configuration list for PBXNativeTarget "ToDo2" */;
			buildPhases = (
				1B1AF8EA18F44A6D0083066A /* Sources */,
				1B1AF8EB18F44A6D0083066A /* Frameworks */,
				1B1AF8EC18F44A6D0083066A /* Resources */,
			);
			buildRules = (
			);
			dependencies = (
			);
			name = ToDo2;
			productName = ToDo2;
			productReference = 1B1AF8EE18F44A6D0083066A /* ToDo2.app */;
			productType = "com.apple.product-type.application";
		};
		1B1AF90818F44A6D0083066A /* ToDo2Tests */ = {
			isa = PBXNativeTarget;
			buildConfigurationList = 1B1AF91D18F44A6D0083066A /* Build configuration list for PBXNativeTarget "ToDo2Tests" */;
			buildPhases = (
				1B1AF90518F44A6D0083066A /* Sources */,
				1B1AF90618F44A6D0083066A /* Frameworks */,
				1B1AF90718F44A6D0083066A /* Resources */,
			);
			buildRules = (
			);
			dependencies = (
				1B1AF90F18F44A6D0083066A /* PBXTargetDependency */,
			);
			name = ToDo2Tests;
			productName = ToDo2Tests;
			productReference = 1B1AF90918F44A6D0083066A /* ToDo2Tests.xctest */;
			productType = "com.apple.product-type.bundle.unit-test";
		};
/* End PBXNativeTarget section */

/* Begin PBXProject section */
		1B1AF8E618F44A6D0083066A /* Project object */ = {
			isa = PBXProject;
			attributes = {
				CLASSPREFIX = TDL;
				LastUpgradeCheck = 0510;
				ORGANIZATIONNAME = "Jeffery Moulds";
				TargetAttributes = {
					1B1AF90818F44A6D0083066A = {
						TestTargetID = 1B1AF8ED18F44A6D0083066A;
					};
				};
			};
			buildConfigurationList = 1B1AF8E918F44A6D0083066A /* Build configuration list for PBXProject "ToDo2" */;
			compatibilityVersion = "Xcode 3.2";
			developmentRegion = English;
			hasScannedForEncodings = 0;
			knownRegions = (
				en,
			);
			mainGroup = 1B1AF8E518F44A6D0083066A;
			productRefGroup = 1B1AF8EF18F44A6D0083066A /* Products */;
			projectDirPath = "";
			projectRoot = "";
			targets = (
				1B1AF8ED18F44A6D0083066A /* ToDo2 */,
				1B1AF90818F44A6D0083066A /* ToDo2Tests */,
			);
		};
/* End PBXProject section */

/* Begin PBXResourcesBuildPhase section */
		1B1AF8EC18F44A6D0083066A /* Resources */ = {
			isa = PBXResourcesBuildPhase;
			buildActionMask = 2147483647;
			files = (
				1B1AF8FC18F44A6D0083066A /* InfoPlist.strings in Resources */,
				1B1AF90418F44A6D0083066A /* Images.xcassets in Resources */,
			);
			runOnlyForDeploymentPostprocessing = 0;
		};
		1B1AF90718F44A6D0083066A /* Resources */ = {
			isa = PBXResourcesBuildPhase;
			buildActionMask = 2147483647;
			files = (
				1B1AF91518F44A6D0083066A /* InfoPlist.strings in Resources */,
			);
			runOnlyForDeploymentPostprocessing = 0;
		};
/* End PBXResourcesBuildPhase section */

/* Begin PBXSourcesBuildPhase section */
		1B1AF8EA18F44A6D0083066A /* Sources */ = {
			isa = PBXSourcesBuildPhase;
			buildActionMask = 2147483647;
			files = (
				1B1AF92518F45BB40083066A /* TDLTableViewCell.m in Sources */,
				1B1AF92218F44AC40083066A /* TDLTableViewController.m in Sources */,
				1B1AF8FE18F44A6D0083066A /* main.m in Sources */,
				1B1AF90218F44A6D0083066A /* TDLAppDelegate.m in Sources */,
			);
			runOnlyForDeploymentPostprocessing = 0;
		};
		1B1AF90518F44A6D0083066A /* Sources */ = {
			isa = PBXSourcesBuildPhase;
			buildActionMask = 2147483647;
			files = (
				1B1AF91718F44A6D0083066A /* ToDo2Tests.m in Sources */,
			);
			runOnlyForDeploymentPostprocessing = 0;
		};
/* End PBXSourcesBuildPhase section */

/* Begin PBXTargetDependency section */
		1B1AF90F18F44A6D0083066A /* PBXTargetDependency */ = {
			isa = PBXTargetDependency;
			target = 1B1AF8ED18F44A6D0083066A /* ToDo2 */;
			targetProxy = 1B1AF90E18F44A6D0083066A /* PBXContainerItemProxy */;
		};
/* End PBXTargetDependency section */

/* Begin PBXVariantGroup section */
		1B1AF8FA18F44A6D0083066A /* InfoPlist.strings */ = {
			isa = PBXVariantGroup;
			children = (
				1B1AF8FB18F44A6D0083066A /* en */,
			);
			name = InfoPlist.strings;
			sourceTree = "<group>";
		};
		1B1AF91318F44A6D0083066A /* InfoPlist.strings */ = {
			isa = PBXVariantGroup;
			children = (
				1B1AF91418F44A6D0083066A /* en */,
			);
			name = InfoPlist.strings;
			sourceTree = "<group>";
		};
/* End PBXVariantGroup section */

/* Begin XCBuildConfiguration section */
		1B1AF91818F44A6D0083066A /* Debug */ = {
			isa = XCBuildConfiguration;
			buildSettings = {
				ALWAYS_SEARCH_USER_PATHS = NO;
				CLANG_CXX_LANGUAGE_STANDARD = "gnu++0x";
				CLANG_CXX_LIBRARY = "libc++";
				CLANG_ENABLE_MODULES = YES;
				CLANG_ENABLE_OBJC_ARC = YES;
				CLANG_WARN_BOOL_CONVERSION = YES;
				CLANG_WARN_CONSTANT_CONVERSION = YES;
				CLANG_WARN_DIRECT_OBJC_ISA_USAGE = YES_ERROR;
				CLANG_WARN_EMPTY_BODY = YES;
				CLANG_WARN_ENUM_CONVERSION = YES;
				CLANG_WARN_INT_CONVERSION = YES;
				CLANG_WARN_OBJC_ROOT_CLASS = YES_ERROR;
				CLANG_WARN__DUPLICATE_METHOD_MATCH = YES;
				"CODE_SIGN_IDENTITY[sdk=iphoneos*]" = "iPhone Developer";
				COPY_PHASE_STRIP = NO;
				GCC_C_LANGUAGE_STANDARD = gnu99;
				GCC_DYNAMIC_NO_PIC = NO;
				GCC_OPTIMIZATION_LEVEL = 0;
				GCC_PREPROCESSOR_DEFINITIONS = (
					"DEBUG=1",
					"$(inherited)",
				);
				GCC_SYMBOLS_PRIVATE_EXTERN = NO;
				GCC_WARN_64_TO_32_BIT_CONVERSION = YES;
				GCC_WARN_ABOUT_RETURN_TYPE = YES_ERROR;
				GCC_WARN_UNDECLARED_SELECTOR = YES;
				GCC_WARN_UNINITIALIZED_AUTOS = YES_AGGRESSIVE;
				GCC_WARN_UNUSED_FUNCTION = YES;
				GCC_WARN_UNUSED_VARIABLE = YES;
				IPHONEOS_DEPLOYMENT_TARGET = 7.1;
				ONLY_ACTIVE_ARCH = YES;
				SDKROOT = iphoneos;
			};
			name = Debug;
		};
		1B1AF91918F44A6D0083066A /* Release */ = {
			isa = XCBuildConfiguration;
			buildSettings = {
				ALWAYS_SEARCH_USER_PATHS = NO;
				CLANG_CXX_LANGUAGE_STANDARD = "gnu++0x";
				CLANG_CXX_LIBRARY = "libc++";
				CLANG_ENABLE_MODULES = YES;
				CLANG_ENABLE_OBJC_ARC = YES;
				CLANG_WARN_BOOL_CONVERSION = YES;
				CLANG_WARN_CONSTANT_CONVERSION = YES;
				CLANG_WARN_DIRECT_OBJC_ISA_USAGE = YES_ERROR;
				CLANG_WARN_EMPTY_BODY = YES;
				CLANG_WARN_ENUM_CONVERSION = YES;
				CLANG_WARN_INT_CONVERSION = YES;
				CLANG_WARN_OBJC_ROOT_CLASS = YES_ERROR;
				CLANG_WARN__DUPLICATE_METHOD_MATCH = YES;
				"CODE_SIGN_IDENTITY[sdk=iphoneos*]" = "iPhone Developer";
				COPY_PHASE_STRIP = YES;
				ENABLE_NS_ASSERTIONS = NO;
				GCC_C_LANGUAGE_STANDARD = gnu99;
				GCC_WARN_64_TO_32_BIT_CONVERSION = YES;
				GCC_WARN_ABOUT_RETURN_TYPE = YES_ERROR;
				GCC_WARN_UNDECLARED_SELECTOR = YES;
				GCC_WARN_UNINITIALIZED_AUTOS = YES_AGGRESSIVE;
				GCC_WARN_UNUSED_FUNCTION = YES;
				GCC_WARN_UNUSED_VARIABLE = YES;
				IPHONEOS_DEPLOYMENT_TARGET = 7.1;
				SDKROOT = iphoneos;
				VALIDATE_PRODUCT = YES;
			};
			name = Release;
		};
		1B1AF91B18F44A6D0083066A /* Debug */ = {
			isa = XCBuildConfiguration;
			buildSettings = {
				ASSETCATALOG_COMPILER_APPICON_NAME = AppIcon;
				ASSETCATALOG_COMPILER_LAUNCHIMAGE_NAME = LaunchImage;
				GCC_PRECOMPILE_PREFIX_HEADER = YES;
				GCC_PREFIX_HEADER = "ToDo2/ToDo2-Prefix.pch";
				INFOPLIST_FILE = "ToDo2/ToDo2-Info.plist";
				PRODUCT_NAME = "$(TARGET_NAME)";
				WRAPPER_EXTENSION = app;
			};
			name = Debug;
		};
		1B1AF91C18F44A6D0083066A /* Release */ = {
			isa = XCBuildConfiguration;
			buildSettings = {
				ASSETCATALOG_COMPILER_APPICON_NAME = AppIcon;
				ASSETCATALOG_COMPILER_LAUNCHIMAGE_NAME = LaunchImage;
				GCC_PRECOMPILE_PREFIX_HEADER = YES;
				GCC_PREFIX_HEADER = "ToDo2/ToDo2-Prefix.pch";
				INFOPLIST_FILE = "ToDo2/ToDo2-Info.plist";
				PRODUCT_NAME = "$(TARGET_NAME)";
				WRAPPER_EXTENSION = app;
			};
			name = Release;
		};
		1B1AF91E18F44A6D0083066A /* Debug */ = {
			isa = XCBuildConfiguration;
			buildSettings = {
				BUNDLE_LOADER = "$(BUILT_PRODUCTS_DIR)/ToDo2.app/ToDo2";
				FRAMEWORK_SEARCH_PATHS = (
					"$(SDKROOT)/Developer/Library/Frameworks",
					"$(inherited)",
					"$(DEVELOPER_FRAMEWORKS_DIR)",
				);
				GCC_PRECOMPILE_PREFIX_HEADER = YES;
				GCC_PREFIX_HEADER = "ToDo2/ToDo2-Prefix.pch";
				GCC_PREPROCESSOR_DEFINITIONS = (
					"DEBUG=1",
					"$(inherited)",
				);
				INFOPLIST_FILE = "ToDo2Tests/ToDo2Tests-Info.plist";
				PRODUCT_NAME = "$(TARGET_NAME)";
				TEST_HOST = "$(BUNDLE_LOADER)";
				WRAPPER_EXTENSION = xctest;
			};
			name = Debug;
		};
		1B1AF91F18F44A6D0083066A /* Release */ = {
			isa = XCBuildConfiguration;
			buildSettings = {
				BUNDLE_LOADER = "$(BUILT_PRODUCTS_DIR)/ToDo2.app/ToDo2";
				FRAMEWORK_SEARCH_PATHS = (
					"$(SDKROOT)/Developer/Library/Frameworks",
					"$(inherited)",
					"$(DEVELOPER_FRAMEWORKS_DIR)",
				);
				GCC_PRECOMPILE_PREFIX_HEADER = YES;
				GCC_PREFIX_HEADER = "ToDo2/ToDo2-Prefix.pch";
				INFOPLIST_FILE = "ToDo2Tests/ToDo2Tests-Info.plist";
				PRODUCT_NAME = "$(TARGET_NAME)";
				TEST_HOST = "$(BUNDLE_LOADER)";
				WRAPPER_EXTENSION = xctest;
			};
			name = Release;
		};
/* End XCBuildConfiguration section */

/* Begin XCConfigurationList section */
		1B1AF8E918F44A6D0083066A /* Build configuration list for PBXProject "ToDo2" */ = {
			isa = XCConfigurationList;
			buildConfigurations = (
				1B1AF91818F44A6D0083066A /* Debug */,
				1B1AF91918F44A6D0083066A /* Release */,
			);
			defaultConfigurationIsVisible = 0;
			defaultConfigurationName = Release;
		};
		1B1AF91A18F44A6D0083066A /* Build configuration list for PBXNativeTarget "ToDo2" */ = {
			isa = XCConfigurationList;
			buildConfigurations = (
				1B1AF91B18F44A6D0083066A /* Debug */,
				1B1AF91C18F44A6D0083066A /* Release */,
			);
			defaultConfigurationIsVisible = 0;
		};
		1B1AF91D18F44A6D0083066A /* Build configuration list for PBXNativeTarget "ToDo2Tests" */ = {
			isa = XCConfigurationList;
			buildConfigurations = (
				1B1AF91E18F44A6D0083066A /* Debug */,
				1B1AF91F18F44A6D0083066A /* Release */,
			);
			defaultConfigurationIsVisible = 0;
		};
/* End XCConfigurationList section */
	};
	rootObject = 1B1AF8E618F44A6D0083066A /* Project object */;
}
